// !$*UTF8*$!
{
	archiveVersion = 1;
	classes = {
	};
	objectVersion = 56;
	objects = {

/* Begin PBXBuildFile section */
		09656BBD29AF27C400940FB5 /* SettingViewController.swift in Sources */ = {isa = PBXBuildFile; fileRef = 09656BBC29AF27C400940FB5 /* SettingViewController.swift */; };
		09656C6A29AF4C6B00940FB5 /* SettingSection.swift in Sources */ = {isa = PBXBuildFile; fileRef = 09656C6929AF4C6B00940FB5 /* SettingSection.swift */; };
		09656C6C29AF4D2000940FB5 /* SettingItemViewModel.swift in Sources */ = {isa = PBXBuildFile; fileRef = 09656C6B29AF4D2000940FB5 /* SettingItemViewModel.swift */; };
		09656C6E29AF4EBA00940FB5 /* SettingCollectionViewCell.swift in Sources */ = {isa = PBXBuildFile; fileRef = 09656C6D29AF4EBA00940FB5 /* SettingCollectionViewCell.swift */; };
		09656C7029AF4EC900940FB5 /* SettingViewModel.swift in Sources */ = {isa = PBXBuildFile; fileRef = 09656C6F29AF4EC900940FB5 /* SettingViewModel.swift */; };
		09656C7229AF4EDB00940FB5 /* SettingCollectionHeaderView.swift in Sources */ = {isa = PBXBuildFile; fileRef = 09656C7129AF4EDB00940FB5 /* SettingCollectionHeaderView.swift */; };
		09656C7429AF4EE800940FB5 /* SettingCollectionFooterView.swift in Sources */ = {isa = PBXBuildFile; fileRef = 09656C7329AF4EE800940FB5 /* SettingCollectionFooterView.swift */; };
		09656C7629AF520500940FB5 /* SettingCollectionViewDataSource.swift in Sources */ = {isa = PBXBuildFile; fileRef = 09656C7529AF520500940FB5 /* SettingCollectionViewDataSource.swift */; };
		09656C7829AF529200940FB5 /* SettingCollectionViewLayout.swift in Sources */ = {isa = PBXBuildFile; fileRef = 09656C7729AF529200940FB5 /* SettingCollectionViewLayout.swift */; };
		09656C7A29AF52D600940FB5 /* SettingContentView.swift in Sources */ = {isa = PBXBuildFile; fileRef = 09656C7929AF52D600940FB5 /* SettingContentView.swift */; };
		09656C8029B046BD00940FB5 /* AccountSection.swift in Sources */ = {isa = PBXBuildFile; fileRef = 09656C7F29B046BD00940FB5 /* AccountSection.swift */; };
		09656C8229B047D300940FB5 /* AccountViewModel.swift in Sources */ = {isa = PBXBuildFile; fileRef = 09656C8129B047D300940FB5 /* AccountViewModel.swift */; };
		09656C8429B0495D00940FB5 /* AccountProvider.swift in Sources */ = {isa = PBXBuildFile; fileRef = 09656C8329B0495D00940FB5 /* AccountProvider.swift */; };
		09656C8629B049C700940FB5 /* AccountViewController.swift in Sources */ = {isa = PBXBuildFile; fileRef = 09656C8529B049C700940FB5 /* AccountViewController.swift */; };
		09656C8829B04EAC00940FB5 /* AccountContentView.swift in Sources */ = {isa = PBXBuildFile; fileRef = 09656C8729B04EAC00940FB5 /* AccountContentView.swift */; };
		09656C8C29B04F5B00940FB5 /* AccountCollectionViewDataSource.swift in Sources */ = {isa = PBXBuildFile; fileRef = 09656C8B29B04F5B00940FB5 /* AccountCollectionViewDataSource.swift */; };
		09656C8E29B08BAF00940FB5 /* Section.swift in Sources */ = {isa = PBXBuildFile; fileRef = 09656C8D29B08BAF00940FB5 /* Section.swift */; };
		09CD21D1294DC11100708290 /* Exported.swift in Sources */ = {isa = PBXBuildFile; fileRef = 09CD21D0294DC11100708290 /* Exported.swift */; };
		09CD21D4294DC13200708290 /* Service.framework in Frameworks */ = {isa = PBXBuildFile; fileRef = 09CD21D3294DC13200708290 /* Service.framework */; };
		09CD21D6294DC13900708290 /* Center.framework in Frameworks */ = {isa = PBXBuildFile; fileRef = 09CD21D5294DC13900708290 /* Center.framework */; };
		09CD21D8294DC13E00708290 /* UICore.framework in Frameworks */ = {isa = PBXBuildFile; fileRef = 09CD21D7294DC13E00708290 /* UICore.framework */; };
		09CD21DB294DC15900708290 /* BindModule.swift in Sources */ = {isa = PBXBuildFile; fileRef = 09CD21DA294DC15900708290 /* BindModule.swift */; };
		09CD21DE294DC18500708290 /* BindViewController.swift in Sources */ = {isa = PBXBuildFile; fileRef = 09CD21DD294DC18500708290 /* BindViewController.swift */; };
		09CD21E0294DC19A00708290 /* BindNavigationController.swift in Sources */ = {isa = PBXBuildFile; fileRef = 09CD21DF294DC19A00708290 /* BindNavigationController.swift */; };
		09CD21E2294DC1A500708290 /* BindContentView.swift in Sources */ = {isa = PBXBuildFile; fileRef = 09CD21E1294DC1A500708290 /* BindContentView.swift */; };
		09CD21E4294DC1AE00708290 /* BindProvider.swift in Sources */ = {isa = PBXBuildFile; fileRef = 09CD21E3294DC1AE00708290 /* BindProvider.swift */; };
		09D0D51129AD99CB0097C6F4 /* BindViewModel.swift in Sources */ = {isa = PBXBuildFile; fileRef = 09D0D51029AD99CB0097C6F4 /* BindViewModel.swift */; };
		09D0D51329ADB3C90097C6F4 /* BindDialog.swift in Sources */ = {isa = PBXBuildFile; fileRef = 09D0D51229ADB3C90097C6F4 /* BindDialog.swift */; };
/* End PBXBuildFile section */

/* Begin PBXCopyFilesBuildPhase section */
		09CD21B4294DC0BA00708290 /* CopyFiles */ = {
			isa = PBXCopyFilesBuildPhase;
			buildActionMask = 2147483647;
			dstPath = "include/$(PRODUCT_NAME)";
			dstSubfolderSpec = 16;
			files = (
			);
			runOnlyForDeploymentPostprocessing = 0;
		};
/* End PBXCopyFilesBuildPhase section */

/* Begin PBXFileReference section */
		09656BBC29AF27C400940FB5 /* SettingViewController.swift */ = {isa = PBXFileReference; lastKnownFileType = sourcecode.swift; path = SettingViewController.swift; sourceTree = "<group>"; };
		09656C6929AF4C6B00940FB5 /* SettingSection.swift */ = {isa = PBXFileReference; lastKnownFileType = sourcecode.swift; path = SettingSection.swift; sourceTree = "<group>"; };
		09656C6B29AF4D2000940FB5 /* SettingItemViewModel.swift */ = {isa = PBXFileReference; lastKnownFileType = sourcecode.swift; path = SettingItemViewModel.swift; sourceTree = "<group>"; };
		09656C6D29AF4EBA00940FB5 /* SettingCollectionViewCell.swift */ = {isa = PBXFileReference; lastKnownFileType = sourcecode.swift; path = SettingCollectionViewCell.swift; sourceTree = "<group>"; };
		09656C6F29AF4EC900940FB5 /* SettingViewModel.swift */ = {isa = PBXFileReference; lastKnownFileType = sourcecode.swift; path = SettingViewModel.swift; sourceTree = "<group>"; };
		09656C7129AF4EDB00940FB5 /* SettingCollectionHeaderView.swift */ = {isa = PBXFileReference; lastKnownFileType = sourcecode.swift; path = SettingCollectionHeaderView.swift; sourceTree = "<group>"; };
		09656C7329AF4EE800940FB5 /* SettingCollectionFooterView.swift */ = {isa = PBXFileReference; lastKnownFileType = sourcecode.swift; path = SettingCollectionFooterView.swift; sourceTree = "<group>"; };
		09656C7529AF520500940FB5 /* SettingCollectionViewDataSource.swift */ = {isa = PBXFileReference; lastKnownFileType = sourcecode.swift; path = SettingCollectionViewDataSource.swift; sourceTree = "<group>"; };
		09656C7729AF529200940FB5 /* SettingCollectionViewLayout.swift */ = {isa = PBXFileReference; lastKnownFileType = sourcecode.swift; path = SettingCollectionViewLayout.swift; sourceTree = "<group>"; };
		09656C7929AF52D600940FB5 /* SettingContentView.swift */ = {isa = PBXFileReference; lastKnownFileType = sourcecode.swift; path = SettingContentView.swift; sourceTree = "<group>"; };
		09656C7F29B046BD00940FB5 /* AccountSection.swift */ = {isa = PBXFileReference; lastKnownFileType = sourcecode.swift; path = AccountSection.swift; sourceTree = "<group>"; };
		09656C8129B047D300940FB5 /* AccountViewModel.swift */ = {isa = PBXFileReference; lastKnownFileType = sourcecode.swift; path = AccountViewModel.swift; sourceTree = "<group>"; };
		09656C8329B0495D00940FB5 /* AccountProvider.swift */ = {isa = PBXFileReference; lastKnownFileType = sourcecode.swift; path = AccountProvider.swift; sourceTree = "<group>"; };
		09656C8529B049C700940FB5 /* AccountViewController.swift */ = {isa = PBXFileReference; lastKnownFileType = sourcecode.swift; path = AccountViewController.swift; sourceTree = "<group>"; };
		09656C8729B04EAC00940FB5 /* AccountContentView.swift */ = {isa = PBXFileReference; lastKnownFileType = sourcecode.swift; path = AccountContentView.swift; sourceTree = "<group>"; };
		09656C8B29B04F5B00940FB5 /* AccountCollectionViewDataSource.swift */ = {isa = PBXFileReference; lastKnownFileType = sourcecode.swift; path = AccountCollectionViewDataSource.swift; sourceTree = "<group>"; };
		09656C8D29B08BAF00940FB5 /* Section.swift */ = {isa = PBXFileReference; lastKnownFileType = sourcecode.swift; path = Section.swift; sourceTree = "<group>"; };
		09CD21B6294DC0BA00708290 /* libAppBind.a */ = {isa = PBXFileReference; explicitFileType = archive.ar; includeInIndex = 0; path = libAppBind.a; sourceTree = BUILT_PRODUCTS_DIR; };
		09CD21CC294DC0E500708290 /* AppBind.Release.xcconfig */ = {isa = PBXFileReference; lastKnownFileType = text.xcconfig; path = AppBind.Release.xcconfig; sourceTree = "<group>"; };
		09CD21CD294DC0E500708290 /* AppBind.xcconfig */ = {isa = PBXFileReference; lastKnownFileType = text.xcconfig; path = AppBind.xcconfig; sourceTree = "<group>"; };
		09CD21CE294DC0E500708290 /* AppBind.Debug.xcconfig */ = {isa = PBXFileReference; lastKnownFileType = text.xcconfig; path = AppBind.Debug.xcconfig; sourceTree = "<group>"; };
		09CD21D0294DC11100708290 /* Exported.swift */ = {isa = PBXFileReference; lastKnownFileType = sourcecode.swift; path = Exported.swift; sourceTree = "<group>"; };
		09CD21D3294DC13200708290 /* Service.framework */ = {isa = PBXFileReference; explicitFileType = wrapper.framework; path = Service.framework; sourceTree = BUILT_PRODUCTS_DIR; };
		09CD21D5294DC13900708290 /* Center.framework */ = {isa = PBXFileReference; explicitFileType = wrapper.framework; path = Center.framework; sourceTree = BUILT_PRODUCTS_DIR; };
		09CD21D7294DC13E00708290 /* UICore.framework */ = {isa = PBXFileReference; explicitFileType = wrapper.framework; path = UICore.framework; sourceTree = BUILT_PRODUCTS_DIR; };
		09CD21DA294DC15900708290 /* BindModule.swift */ = {isa = PBXFileReference; lastKnownFileType = sourcecode.swift; path = BindModule.swift; sourceTree = "<group>"; };
		09CD21DD294DC18500708290 /* BindViewController.swift */ = {isa = PBXFileReference; lastKnownFileType = sourcecode.swift; path = BindViewController.swift; sourceTree = "<group>"; };
		09CD21DF294DC19A00708290 /* BindNavigationController.swift */ = {isa = PBXFileReference; lastKnownFileType = sourcecode.swift; path = BindNavigationController.swift; sourceTree = "<group>"; };
		09CD21E1294DC1A500708290 /* BindContentView.swift */ = {isa = PBXFileReference; lastKnownFileType = sourcecode.swift; path = BindContentView.swift; sourceTree = "<group>"; };
		09CD21E3294DC1AE00708290 /* BindProvider.swift */ = {isa = PBXFileReference; lastKnownFileType = sourcecode.swift; path = BindProvider.swift; sourceTree = "<group>"; };
		09D0D51029AD99CB0097C6F4 /* BindViewModel.swift */ = {isa = PBXFileReference; lastKnownFileType = sourcecode.swift; path = BindViewModel.swift; sourceTree = "<group>"; };
		09D0D51229ADB3C90097C6F4 /* BindDialog.swift */ = {isa = PBXFileReference; lastKnownFileType = sourcecode.swift; path = BindDialog.swift; sourceTree = "<group>"; };
/* End PBXFileReference section */

/* Begin PBXFrameworksBuildPhase section */
		09CD21B3294DC0BA00708290 /* Frameworks */ = {
			isa = PBXFrameworksBuildPhase;
			buildActionMask = 2147483647;
			files = (
				09CD21D4294DC13200708290 /* Service.framework in Frameworks */,
				09CD21D6294DC13900708290 /* Center.framework in Frameworks */,
				09CD21D8294DC13E00708290 /* UICore.framework in Frameworks */,
			);
			runOnlyForDeploymentPostprocessing = 0;
		};
/* End PBXFrameworksBuildPhase section */

/* Begin PBXGroup section */
		09656BBB29AF27B300940FB5 /* Setting */ = {
			isa = PBXGroup;
			children = (
				09656C7C29B044F300940FB5 /* Cells */,
				09656C7D29B0458100940FB5 /* Default */,
				09656C7E29B0467D00940FB5 /* Account */,
			);
			path = Setting;
			sourceTree = "<group>";
		};
		09656C7C29B044F300940FB5 /* Cells */ = {
			isa = PBXGroup;
			children = (
				09656C6B29AF4D2000940FB5 /* SettingItemViewModel.swift */,
				09656C6D29AF4EBA00940FB5 /* SettingCollectionViewCell.swift */,
				09656C7129AF4EDB00940FB5 /* SettingCollectionHeaderView.swift */,
				09656C7329AF4EE800940FB5 /* SettingCollectionFooterView.swift */,
				09656C7729AF529200940FB5 /* SettingCollectionViewLayout.swift */,
				09656C8D29B08BAF00940FB5 /* Section.swift */,
			);
			path = Cells;
			sourceTree = "<group>";
		};
		09656C7D29B0458100940FB5 /* Default */ = {
			isa = PBXGroup;
			children = (
				09656BBC29AF27C400940FB5 /* SettingViewController.swift */,
				09656C7929AF52D600940FB5 /* SettingContentView.swift */,
				09656C6F29AF4EC900940FB5 /* SettingViewModel.swift */,
				09656C6929AF4C6B00940FB5 /* SettingSection.swift */,
				09656C7529AF520500940FB5 /* SettingCollectionViewDataSource.swift */,
			);
			path = Default;
			sourceTree = "<group>";
		};
		09656C7E29B0467D00940FB5 /* Account */ = {
			isa = PBXGroup;
			children = (
				09656C8529B049C700940FB5 /* AccountViewController.swift */,
				09656C8729B04EAC00940FB5 /* AccountContentView.swift */,
				09656C8329B0495D00940FB5 /* AccountProvider.swift */,
				09656C8129B047D300940FB5 /* AccountViewModel.swift */,
				09656C7F29B046BD00940FB5 /* AccountSection.swift */,
				09656C8B29B04F5B00940FB5 /* AccountCollectionViewDataSource.swift */,
			);
			path = Account;
			sourceTree = "<group>";
		};
		09CD21AD294DC0BA00708290 = {
			isa = PBXGroup;
			children = (
				09CD21CF294DC10100708290 /* Sources */,
				09CD21CB294DC0E500708290 /* XCConfig */,
				09CD21B7294DC0BA00708290 /* Products */,
				09CD21D2294DC13200708290 /* Frameworks */,
			);
			sourceTree = "<group>";
		};
		09CD21B7294DC0BA00708290 /* Products */ = {
			isa = PBXGroup;
			children = (
				09CD21B6294DC0BA00708290 /* libAppBind.a */,
			);
			name = Products;
			sourceTree = "<group>";
		};
		09CD21CB294DC0E500708290 /* XCConfig */ = {
			isa = PBXGroup;
			children = (
				09CD21CE294DC0E500708290 /* AppBind.Debug.xcconfig */,
				09CD21CC294DC0E500708290 /* AppBind.Release.xcconfig */,
				09CD21CD294DC0E500708290 /* AppBind.xcconfig */,
			);
			path = XCConfig;
			sourceTree = "<group>";
		};
		09CD21CF294DC10100708290 /* Sources */ = {
			isa = PBXGroup;
			children = (
				09CD21D0294DC11100708290 /* Exported.swift */,
				09CD21DA294DC15900708290 /* BindModule.swift */,
				09CD21DC294DC17300708290 /* Bind */,
				09656BBB29AF27B300940FB5 /* Setting */,
			);
			path = Sources;
			sourceTree = "<group>";
		};
		09CD21D2294DC13200708290 /* Frameworks */ = {
			isa = PBXGroup;
			children = (
				09CD21D7294DC13E00708290 /* UICore.framework */,
				09CD21D5294DC13900708290 /* Center.framework */,
				09CD21D3294DC13200708290 /* Service.framework */,
			);
			name = Frameworks;
			sourceTree = "<group>";
		};
		09CD21DC294DC17300708290 /* Bind */ = {
			isa = PBXGroup;
			children = (
				09CD21DF294DC19A00708290 /* BindNavigationController.swift */,
				09CD21DD294DC18500708290 /* BindViewController.swift */,
				09CD21E1294DC1A500708290 /* BindContentView.swift */,
				09CD21E3294DC1AE00708290 /* BindProvider.swift */,
				09D0D51029AD99CB0097C6F4 /* BindViewModel.swift */,
				09D0D51229ADB3C90097C6F4 /* BindDialog.swift */,
			);
			path = Bind;
			sourceTree = "<group>";
		};
/* End PBXGroup section */

/* Begin PBXNativeTarget section */
		09CD21B5294DC0BA00708290 /* AppBind */ = {
			isa = PBXNativeTarget;
			buildConfigurationList = 09CD21BD294DC0BA00708290 /* Build configuration list for PBXNativeTarget "AppBind" */;
			buildPhases = (
				09CD21B2294DC0BA00708290 /* Sources */,
				09CD21B3294DC0BA00708290 /* Frameworks */,
				09CD21B4294DC0BA00708290 /* CopyFiles */,
			);
			buildRules = (
			);
			dependencies = (
			);
			name = AppBind;
			productName = AppBind;
			productReference = 09CD21B6294DC0BA00708290 /* libAppBind.a */;
			productType = "com.apple.product-type.library.static";
		};
/* End PBXNativeTarget section */

/* Begin PBXProject section */
		09CD21AE294DC0BA00708290 /* Project object */ = {
			isa = PBXProject;
			attributes = {
				BuildIndependentTargetsInParallel = 1;
				LastSwiftUpdateCheck = 1420;
				LastUpgradeCheck = 1420;
				TargetAttributes = {
					09CD21B5294DC0BA00708290 = {
						CreatedOnToolsVersion = 14.2;
						LastSwiftMigration = 1420;
					};
				};
			};
			buildConfigurationList = 09CD21B1294DC0BA00708290 /* Build configuration list for PBXProject "AppBind" */;
			compatibilityVersion = "Xcode 14.0";
			developmentRegion = en;
			hasScannedForEncodings = 0;
			knownRegions = (
				en,
				Base,
			);
			mainGroup = 09CD21AD294DC0BA00708290;
			productRefGroup = 09CD21B7294DC0BA00708290 /* Products */;
			projectDirPath = "";
			projectRoot = "";
			targets = (
				09CD21B5294DC0BA00708290 /* AppBind */,
			);
		};
/* End PBXProject section */

/* Begin PBXSourcesBuildPhase section */
		09CD21B2294DC0BA00708290 /* Sources */ = {
			isa = PBXSourcesBuildPhase;
			buildActionMask = 2147483647;
			files = (
				09656C7629AF520500940FB5 /* SettingCollectionViewDataSource.swift in Sources */,
				09656C7229AF4EDB00940FB5 /* SettingCollectionHeaderView.swift in Sources */,
				09D0D51329ADB3C90097C6F4 /* BindDialog.swift in Sources */,
				09CD21DB294DC15900708290 /* BindModule.swift in Sources */,
				09D0D51129AD99CB0097C6F4 /* BindViewModel.swift in Sources */,
				09656C7029AF4EC900940FB5 /* SettingViewModel.swift in Sources */,
				09656C8229B047D300940FB5 /* AccountViewModel.swift in Sources */,
				09656C8E29B08BAF00940FB5 /* Section.swift in Sources */,
				09CD21E4294DC1AE00708290 /* BindProvider.swift in Sources */,
				09656C6A29AF4C6B00940FB5 /* SettingSection.swift in Sources */,
				09CD21DE294DC18500708290 /* BindViewController.swift in Sources */,
				09656C8629B049C700940FB5 /* AccountViewController.swift in Sources */,
				09656C8829B04EAC00940FB5 /* AccountContentView.swift in Sources */,
				09656C8429B0495D00940FB5 /* AccountProvider.swift in Sources */,
				09656C8029B046BD00940FB5 /* AccountSection.swift in Sources */,
				09656C7A29AF52D600940FB5 /* SettingContentView.swift in Sources */,
				09656BBD29AF27C400940FB5 /* SettingViewController.swift in Sources */,
				09656C7829AF529200940FB5 /* SettingCollectionViewLayout.swift in Sources */,
				09656C6E29AF4EBA00940FB5 /* SettingCollectionViewCell.swift in Sources */,
				09656C8C29B04F5B00940FB5 /* AccountCollectionViewDataSource.swift in Sources */,
				09656C7429AF4EE800940FB5 /* SettingCollectionFooterView.swift in Sources */,
				09CD21E0294DC19A00708290 /* BindNavigationController.swift in Sources */,
				09CD21E2294DC1A500708290 /* BindContentView.swift in Sources */,
				09656C6C29AF4D2000940FB5 /* SettingItemViewModel.swift in Sources */,
				09CD21D1294DC11100708290 /* Exported.swift in Sources */,
			);
			runOnlyForDeploymentPostprocessing = 0;
		};
/* End PBXSourcesBuildPhase section */

/* Begin XCBuildConfiguration section */
		09CD21BB294DC0BA00708290 /* Debug */ = {
			isa = XCBuildConfiguration;
			buildSettings = {
				ALWAYS_SEARCH_USER_PATHS = NO;
				CLANG_ANALYZER_NONNULL = YES;
				CLANG_ANALYZER_NUMBER_OBJECT_CONVERSION = YES_AGGRESSIVE;
				CLANG_CXX_LANGUAGE_STANDARD = "gnu++20";
				CLANG_ENABLE_MODULES = YES;
				CLANG_ENABLE_OBJC_ARC = YES;
				CLANG_ENABLE_OBJC_WEAK = YES;
				CLANG_WARN_BLOCK_CAPTURE_AUTORELEASING = YES;
				CLANG_WARN_BOOL_CONVERSION = YES;
				CLANG_WARN_COMMA = YES;
				CLANG_WARN_CONSTANT_CONVERSION = YES;
				CLANG_WARN_DEPRECATED_OBJC_IMPLEMENTATIONS = YES;
				CLANG_WARN_DIRECT_OBJC_ISA_USAGE = YES_ERROR;
				CLANG_WARN_DOCUMENTATION_COMMENTS = YES;
				CLANG_WARN_EMPTY_BODY = YES;
				CLANG_WARN_ENUM_CONVERSION = YES;
				CLANG_WARN_INFINITE_RECURSION = YES;
				CLANG_WARN_INT_CONVERSION = YES;
				CLANG_WARN_NON_LITERAL_NULL_CONVERSION = YES;
				CLANG_WARN_OBJC_IMPLICIT_RETAIN_SELF = YES;
				CLANG_WARN_OBJC_LITERAL_CONVERSION = YES;
				CLANG_WARN_OBJC_ROOT_CLASS = YES_ERROR;
				CLANG_WARN_QUOTED_INCLUDE_IN_FRAMEWORK_HEADER = YES;
				CLANG_WARN_RANGE_LOOP_ANALYSIS = YES;
				CLANG_WARN_STRICT_PROTOTYPES = YES;
				CLANG_WARN_SUSPICIOUS_MOVE = YES;
				CLANG_WARN_UNGUARDED_AVAILABILITY = YES_AGGRESSIVE;
				CLANG_WARN_UNREACHABLE_CODE = YES;
				CLANG_WARN__DUPLICATE_METHOD_MATCH = YES;
				COPY_PHASE_STRIP = NO;
				DEBUG_INFORMATION_FORMAT = dwarf;
				ENABLE_STRICT_OBJC_MSGSEND = YES;
				ENABLE_TESTABILITY = YES;
				GCC_C_LANGUAGE_STANDARD = gnu11;
				GCC_DYNAMIC_NO_PIC = NO;
				GCC_NO_COMMON_BLOCKS = YES;
				GCC_OPTIMIZATION_LEVEL = 0;
				GCC_PREPROCESSOR_DEFINITIONS = (
					"DEBUG=1",
					"$(inherited)",
				);
				GCC_WARN_64_TO_32_BIT_CONVERSION = YES;
				GCC_WARN_ABOUT_RETURN_TYPE = YES_ERROR;
				GCC_WARN_UNDECLARED_SELECTOR = YES;
				GCC_WARN_UNINITIALIZED_AUTOS = YES_AGGRESSIVE;
				GCC_WARN_UNUSED_FUNCTION = YES;
				GCC_WARN_UNUSED_VARIABLE = YES;
				IPHONEOS_DEPLOYMENT_TARGET = 16.2;
				MTL_ENABLE_DEBUG_INFO = INCLUDE_SOURCE;
				MTL_FAST_MATH = YES;
				ONLY_ACTIVE_ARCH = YES;
				SDKROOT = iphoneos;
				SWIFT_ACTIVE_COMPILATION_CONDITIONS = DEBUG;
				SWIFT_OPTIMIZATION_LEVEL = "-Onone";
			};
			name = Debug;
		};
		09CD21BC294DC0BA00708290 /* Release */ = {
			isa = XCBuildConfiguration;
			buildSettings = {
				ALWAYS_SEARCH_USER_PATHS = NO;
				CLANG_ANALYZER_NONNULL = YES;
				CLANG_ANALYZER_NUMBER_OBJECT_CONVERSION = YES_AGGRESSIVE;
				CLANG_CXX_LANGUAGE_STANDARD = "gnu++20";
				CLANG_ENABLE_MODULES = YES;
				CLANG_ENABLE_OBJC_ARC = YES;
				CLANG_ENABLE_OBJC_WEAK = YES;
				CLANG_WARN_BLOCK_CAPTURE_AUTORELEASING = YES;
				CLANG_WARN_BOOL_CONVERSION = YES;
				CLANG_WARN_COMMA = YES;
				CLANG_WARN_CONSTANT_CONVERSION = YES;
				CLANG_WARN_DEPRECATED_OBJC_IMPLEMENTATIONS = YES;
				CLANG_WARN_DIRECT_OBJC_ISA_USAGE = YES_ERROR;
				CLANG_WARN_DOCUMENTATION_COMMENTS = YES;
				CLANG_WARN_EMPTY_BODY = YES;
				CLANG_WARN_ENUM_CONVERSION = YES;
				CLANG_WARN_INFINITE_RECURSION = YES;
				CLANG_WARN_INT_CONVERSION = YES;
				CLANG_WARN_NON_LITERAL_NULL_CONVERSION = YES;
				CLANG_WARN_OBJC_IMPLICIT_RETAIN_SELF = YES;
				CLANG_WARN_OBJC_LITERAL_CONVERSION = YES;
				CLANG_WARN_OBJC_ROOT_CLASS = YES_ERROR;
				CLANG_WARN_QUOTED_INCLUDE_IN_FRAMEWORK_HEADER = YES;
				CLANG_WARN_RANGE_LOOP_ANALYSIS = YES;
				CLANG_WARN_STRICT_PROTOTYPES = YES;
				CLANG_WARN_SUSPICIOUS_MOVE = YES;
				CLANG_WARN_UNGUARDED_AVAILABILITY = YES_AGGRESSIVE;
				CLANG_WARN_UNREACHABLE_CODE = YES;
				CLANG_WARN__DUPLICATE_METHOD_MATCH = YES;
				COPY_PHASE_STRIP = NO;
				DEBUG_INFORMATION_FORMAT = "dwarf-with-dsym";
				ENABLE_NS_ASSERTIONS = NO;
				ENABLE_STRICT_OBJC_MSGSEND = YES;
				GCC_C_LANGUAGE_STANDARD = gnu11;
				GCC_NO_COMMON_BLOCKS = YES;
				GCC_WARN_64_TO_32_BIT_CONVERSION = YES;
				GCC_WARN_ABOUT_RETURN_TYPE = YES_ERROR;
				GCC_WARN_UNDECLARED_SELECTOR = YES;
				GCC_WARN_UNINITIALIZED_AUTOS = YES_AGGRESSIVE;
				GCC_WARN_UNUSED_FUNCTION = YES;
				GCC_WARN_UNUSED_VARIABLE = YES;
				IPHONEOS_DEPLOYMENT_TARGET = 16.2;
				MTL_ENABLE_DEBUG_INFO = NO;
				MTL_FAST_MATH = YES;
				SDKROOT = iphoneos;
				SWIFT_COMPILATION_MODE = wholemodule;
				SWIFT_OPTIMIZATION_LEVEL = "-O";
				VALIDATE_PRODUCT = YES;
			};
			name = Release;
		};
		09CD21BE294DC0BA00708290 /* Debug */ = {
			isa = XCBuildConfiguration;
			baseConfigurationReference = 09CD21CE294DC0E500708290 /* AppBind.Debug.xcconfig */;
			buildSettings = {
				CLANG_ENABLE_MODULES = YES;
				CODE_SIGN_STYLE = Automatic;
				LD_RUNPATH_SEARCH_PATHS = (
					"$(inherited)",
					"@executable_path/Frameworks",
					"@loader_path/Frameworks",
				);
				OTHER_LDFLAGS = "-ObjC";
				PRODUCT_NAME = "$(TARGET_NAME)";
				SKIP_INSTALL = YES;
				SWIFT_OPTIMIZATION_LEVEL = "-Onone";
				SWIFT_VERSION = 5.0;
				TARGETED_DEVICE_FAMILY = "1,2";
			};
			name = Debug;
		};
		09CD21BF294DC0BA00708290 /* Release */ = {
			isa = XCBuildConfiguration;
			baseConfigurationReference = 09CD21CC294DC0E500708290 /* AppBind.Release.xcconfig */;
			buildSettings = {
				CLANG_ENABLE_MODULES = YES;
				CODE_SIGN_STYLE = Automatic;
				LD_RUNPATH_SEARCH_PATHS = (
					"$(inherited)",
					"@executable_path/Frameworks",
					"@loader_path/Frameworks",
				);
				OTHER_LDFLAGS = "-ObjC";
				PRODUCT_NAME = "$(TARGET_NAME)";
				SKIP_INSTALL = YES;
				SWIFT_VERSION = 5.0;
				TARGETED_DEVICE_FAMILY = "1,2";
			};
			name = Release;
		};
/* End XCBuildConfiguration section */

/* Begin XCConfigurationList section */
		09CD21B1294DC0BA00708290 /* Build configuration list for PBXProject "AppBind" */ = {
			isa = XCConfigurationList;
			buildConfigurations = (
				09CD21BB294DC0BA00708290 /* Debug */,
				09CD21BC294DC0BA00708290 /* Release */,
			);
			defaultConfigurationIsVisible = 0;
			defaultConfigurationName = Release;
		};
		09CD21BD294DC0BA00708290 /* Build configuration list for PBXNativeTarget "AppBind" */ = {
			isa = XCConfigurationList;
			buildConfigurations = (
				09CD21BE294DC0BA00708290 /* Debug */,
				09CD21BF294DC0BA00708290 /* Release */,
			);
			defaultConfigurationIsVisible = 0;
			defaultConfigurationName = Release;
		};
/* End XCConfigurationList section */
	};
	rootObject = 09CD21AE294DC0BA00708290 /* Project object */;
}
