// !$*UTF8*$!
{
	archiveVersion = 1;
	classes = {
	};
	objectVersion = 56;
	objects = {

/* Begin PBXBuildFile section */
		0909131E29406A0D0068E6F0 /* Service.framework in Frameworks */ = {isa = PBXBuildFile; fileRef = 0909131D29406A0D0068E6F0 /* Service.framework */; };
		0909132029406A130068E6F0 /* UICore.framework in Frameworks */ = {isa = PBXBuildFile; fileRef = 0909131F29406A130068E6F0 /* UICore.framework */; };
		0909132229406A170068E6F0 /* Center.framework in Frameworks */ = {isa = PBXBuildFile; fileRef = 0909132129406A170068E6F0 /* Center.framework */; };
		0909132429406A270068E6F0 /* Exported.swift in Sources */ = {isa = PBXBuildFile; fileRef = 0909132329406A270068E6F0 /* Exported.swift */; };
		0909132629406A330068E6F0 /* LoginModule.swift in Sources */ = {isa = PBXBuildFile; fileRef = 0909132529406A330068E6F0 /* LoginModule.swift */; };
		0909132A29406F6B0068E6F0 /* LoginNavigationViewController.swift in Sources */ = {isa = PBXBuildFile; fileRef = 0909132929406F6B0068E6F0 /* LoginNavigationViewController.swift */; };
		0909132C29406F990068E6F0 /* LoginViewController.swift in Sources */ = {isa = PBXBuildFile; fileRef = 0909132B29406F990068E6F0 /* LoginViewController.swift */; };
		0909132E29406FA90068E6F0 /* LoginContentView.swift in Sources */ = {isa = PBXBuildFile; fileRef = 0909132D29406FA90068E6F0 /* LoginContentView.swift */; };
		0955CBAE294C6C270025FE8F /* RegisterViewController.swift in Sources */ = {isa = PBXBuildFile; fileRef = 0955CBAD294C6C260025FE8F /* RegisterViewController.swift */; };
		0955CBB0294C6C320025FE8F /* RegisterContentView.swift in Sources */ = {isa = PBXBuildFile; fileRef = 0955CBAF294C6C320025FE8F /* RegisterContentView.swift */; };
		0955CBB2294C6C3E0025FE8F /* RegisterProvider.swift in Sources */ = {isa = PBXBuildFile; fileRef = 0955CBB1294C6C3E0025FE8F /* RegisterProvider.swift */; };
		09F67B8229A88CE9004550FF /* MobileViewController.swift in Sources */ = {isa = PBXBuildFile; fileRef = 09F67B8129A88CE9004550FF /* MobileViewController.swift */; };
		09F67B8429A88CFB004550FF /* MobileContentView.swift in Sources */ = {isa = PBXBuildFile; fileRef = 09F67B8329A88CFB004550FF /* MobileContentView.swift */; };
		09F67B8629A88F88004550FF /* LoginProvider.swift in Sources */ = {isa = PBXBuildFile; fileRef = 09F67B8529A88F88004550FF /* LoginProvider.swift */; };
		09F67B8F29A8AB77004550FF /* CodeViewController.swift in Sources */ = {isa = PBXBuildFile; fileRef = 09F67B8E29A8AB77004550FF /* CodeViewController.swift */; };
		09F67B9129A8AB81004550FF /* CodeContentView.swift in Sources */ = {isa = PBXBuildFile; fileRef = 09F67B9029A8AB81004550FF /* CodeContentView.swift */; };
		09F67B9529A8B639004550FF /* CodeViewModel.swift in Sources */ = {isa = PBXBuildFile; fileRef = 09F67B9429A8B639004550FF /* CodeViewModel.swift */; };
		09F67BD529AA14B2004550FF /* RegisterNavigationController.swift in Sources */ = {isa = PBXBuildFile; fileRef = 09F67BD429AA14B1004550FF /* RegisterNavigationController.swift */; };
/* End PBXBuildFile section */

/* Begin PBXCopyFilesBuildPhase section */
		09091301294069110068E6F0 /* CopyFiles */ = {
			isa = PBXCopyFilesBuildPhase;
			buildActionMask = 2147483647;
			dstPath = "include/$(PRODUCT_NAME)";
			dstSubfolderSpec = 16;
			files = (
			);
			runOnlyForDeploymentPostprocessing = 0;
		};
/* End PBXCopyFilesBuildPhase section */

/* Begin PBXFileReference section */
		09091303294069110068E6F0 /* libAppLogin.a */ = {isa = PBXFileReference; explicitFileType = archive.ar; includeInIndex = 0; path = libAppLogin.a; sourceTree = BUILT_PRODUCTS_DIR; };
		09091319294069490068E6F0 /* AppLogin.Debug.xcconfig */ = {isa = PBXFileReference; lastKnownFileType = text.xcconfig; path = AppLogin.Debug.xcconfig; sourceTree = "<group>"; };
		0909131A294069490068E6F0 /* AppLogin.xcconfig */ = {isa = PBXFileReference; lastKnownFileType = text.xcconfig; path = AppLogin.xcconfig; sourceTree = "<group>"; };
		0909131B294069490068E6F0 /* AppLogin.Release.xcconfig */ = {isa = PBXFileReference; lastKnownFileType = text.xcconfig; path = AppLogin.Release.xcconfig; sourceTree = "<group>"; };
		0909131D29406A0D0068E6F0 /* Service.framework */ = {isa = PBXFileReference; explicitFileType = wrapper.framework; path = Service.framework; sourceTree = BUILT_PRODUCTS_DIR; };
		0909131F29406A130068E6F0 /* UICore.framework */ = {isa = PBXFileReference; explicitFileType = wrapper.framework; path = UICore.framework; sourceTree = BUILT_PRODUCTS_DIR; };
		0909132129406A170068E6F0 /* Center.framework */ = {isa = PBXFileReference; explicitFileType = wrapper.framework; path = Center.framework; sourceTree = BUILT_PRODUCTS_DIR; };
		0909132329406A270068E6F0 /* Exported.swift */ = {isa = PBXFileReference; lastKnownFileType = sourcecode.swift; path = Exported.swift; sourceTree = "<group>"; };
		0909132529406A330068E6F0 /* LoginModule.swift */ = {isa = PBXFileReference; lastKnownFileType = sourcecode.swift; path = LoginModule.swift; sourceTree = "<group>"; };
		0909132929406F6B0068E6F0 /* LoginNavigationViewController.swift */ = {isa = PBXFileReference; lastKnownFileType = sourcecode.swift; path = LoginNavigationViewController.swift; sourceTree = "<group>"; };
		0909132B29406F990068E6F0 /* LoginViewController.swift */ = {isa = PBXFileReference; lastKnownFileType = sourcecode.swift; path = LoginViewController.swift; sourceTree = "<group>"; };
		0909132D29406FA90068E6F0 /* LoginContentView.swift */ = {isa = PBXFileReference; lastKnownFileType = sourcecode.swift; path = LoginContentView.swift; sourceTree = "<group>"; };
		0955CBAD294C6C260025FE8F /* RegisterViewController.swift */ = {isa = PBXFileReference; lastKnownFileType = sourcecode.swift; path = RegisterViewController.swift; sourceTree = "<group>"; };
		0955CBAF294C6C320025FE8F /* RegisterContentView.swift */ = {isa = PBXFileReference; lastKnownFileType = sourcecode.swift; path = RegisterContentView.swift; sourceTree = "<group>"; };
		0955CBB1294C6C3E0025FE8F /* RegisterProvider.swift */ = {isa = PBXFileReference; lastKnownFileType = sourcecode.swift; path = RegisterProvider.swift; sourceTree = "<group>"; };
		09F67B8129A88CE9004550FF /* MobileViewController.swift */ = {isa = PBXFileReference; lastKnownFileType = sourcecode.swift; path = MobileViewController.swift; sourceTree = "<group>"; };
		09F67B8329A88CFB004550FF /* MobileContentView.swift */ = {isa = PBXFileReference; lastKnownFileType = sourcecode.swift; path = MobileContentView.swift; sourceTree = "<group>"; };
		09F67B8529A88F88004550FF /* LoginProvider.swift */ = {isa = PBXFileReference; lastKnownFileType = sourcecode.swift; path = LoginProvider.swift; sourceTree = "<group>"; };
		09F67B8E29A8AB77004550FF /* CodeViewController.swift */ = {isa = PBXFileReference; lastKnownFileType = sourcecode.swift; path = CodeViewController.swift; sourceTree = "<group>"; };
		09F67B9029A8AB81004550FF /* CodeContentView.swift */ = {isa = PBXFileReference; lastKnownFileType = sourcecode.swift; path = CodeContentView.swift; sourceTree = "<group>"; };
		09F67B9429A8B639004550FF /* CodeViewModel.swift */ = {isa = PBXFileReference; lastKnownFileType = sourcecode.swift; path = CodeViewModel.swift; sourceTree = "<group>"; };
		09F67BD429AA14B1004550FF /* RegisterNavigationController.swift */ = {isa = PBXFileReference; lastKnownFileType = sourcecode.swift; path = RegisterNavigationController.swift; sourceTree = "<group>"; };
/* End PBXFileReference section */

/* Begin PBXFrameworksBuildPhase section */
		09091300294069110068E6F0 /* Frameworks */ = {
			isa = PBXFrameworksBuildPhase;
			buildActionMask = 2147483647;
			files = (
				0909131E29406A0D0068E6F0 /* Service.framework in Frameworks */,
				0909132029406A130068E6F0 /* UICore.framework in Frameworks */,
				0909132229406A170068E6F0 /* Center.framework in Frameworks */,
			);
			runOnlyForDeploymentPostprocessing = 0;
		};
/* End PBXFrameworksBuildPhase section */

/* Begin PBXGroup section */
		090912FA294069110068E6F0 = {
			isa = PBXGroup;
			children = (
				09091318294069270068E6F0 /* Sources */,
				09091317294069190068E6F0 /* XCConfig */,
				09091304294069110068E6F0 /* Products */,
				0909131C29406A0D0068E6F0 /* Frameworks */,
			);
			sourceTree = "<group>";
		};
		09091304294069110068E6F0 /* Products */ = {
			isa = PBXGroup;
			children = (
				09091303294069110068E6F0 /* libAppLogin.a */,
			);
			name = Products;
			sourceTree = "<group>";
		};
		09091317294069190068E6F0 /* XCConfig */ = {
			isa = PBXGroup;
			children = (
				0909131A294069490068E6F0 /* AppLogin.xcconfig */,
				09091319294069490068E6F0 /* AppLogin.Debug.xcconfig */,
				0909131B294069490068E6F0 /* AppLogin.Release.xcconfig */,
			);
			path = XCConfig;
			sourceTree = "<group>";
		};
		09091318294069270068E6F0 /* Sources */ = {
			isa = PBXGroup;
			children = (
				0909132329406A270068E6F0 /* Exported.swift */,
				0909132529406A330068E6F0 /* LoginModule.swift */,
				0955CBAC294C6C010025FE8F /* Register */,
				0909132829406F3D0068E6F0 /* Login */,
			);
			path = Sources;
			sourceTree = "<group>";
		};
		0909131C29406A0D0068E6F0 /* Frameworks */ = {
			isa = PBXGroup;
			children = (
				0909132129406A170068E6F0 /* Center.framework */,
				0909131F29406A130068E6F0 /* UICore.framework */,
				0909131D29406A0D0068E6F0 /* Service.framework */,
			);
			name = Frameworks;
			sourceTree = "<group>";
		};
		0909132829406F3D0068E6F0 /* Login */ = {
			isa = PBXGroup;
			children = (
				0909132929406F6B0068E6F0 /* LoginNavigationViewController.swift */,
				0909132B29406F990068E6F0 /* LoginViewController.swift */,
				0909132D29406FA90068E6F0 /* LoginContentView.swift */,
				09F67B8529A88F88004550FF /* LoginProvider.swift */,
				09F67B8129A88CE9004550FF /* MobileViewController.swift */,
				09F67B8329A88CFB004550FF /* MobileContentView.swift */,
				09F67B8E29A8AB77004550FF /* CodeViewController.swift */,
				09F67B9029A8AB81004550FF /* CodeContentView.swift */,
				09F67B9429A8B639004550FF /* CodeViewModel.swift */,
			);
			path = Login;
			sourceTree = "<group>";
		};
		0955CBAC294C6C010025FE8F /* Register */ = {
			isa = PBXGroup;
			children = (
				09F67BD429AA14B1004550FF /* RegisterNavigationController.swift */,
				0955CBAD294C6C260025FE8F /* RegisterViewController.swift */,
				0955CBAF294C6C320025FE8F /* RegisterContentView.swift */,
				0955CBB1294C6C3E0025FE8F /* RegisterProvider.swift */,
			);
			path = Register;
			sourceTree = "<group>";
		};
/* End PBXGroup section */

/* Begin PBXNativeTarget section */
		09091302294069110068E6F0 /* AppLogin */ = {
			isa = PBXNativeTarget;
			buildConfigurationList = 0909130A294069110068E6F0 /* Build configuration list for PBXNativeTarget "AppLogin" */;
			buildPhases = (
				090912FF294069110068E6F0 /* Sources */,
				09091300294069110068E6F0 /* Frameworks */,
				09091301294069110068E6F0 /* CopyFiles */,
			);
			buildRules = (
			);
			dependencies = (
			);
			name = AppLogin;
			productName = AppLogin;
			productReference = 09091303294069110068E6F0 /* libAppLogin.a */;
			productType = "com.apple.product-type.library.static";
		};
/* End PBXNativeTarget section */

/* Begin PBXProject section */
		090912FB294069110068E6F0 /* Project object */ = {
			isa = PBXProject;
			attributes = {
				BuildIndependentTargetsInParallel = 1;
				LastSwiftUpdateCheck = 1410;
				LastUpgradeCheck = 1410;
				TargetAttributes = {
					09091302294069110068E6F0 = {
						CreatedOnToolsVersion = 14.1;
						LastSwiftMigration = 1410;
					};
				};
			};
			buildConfigurationList = 090912FE294069110068E6F0 /* Build configuration list for PBXProject "AppLogin" */;
			compatibilityVersion = "Xcode 14.0";
			developmentRegion = en;
			hasScannedForEncodings = 0;
			knownRegions = (
				en,
				Base,
			);
			mainGroup = 090912FA294069110068E6F0;
			productRefGroup = 09091304294069110068E6F0 /* Products */;
			projectDirPath = "";
			projectRoot = "";
			targets = (
				09091302294069110068E6F0 /* AppLogin */,
			);
		};
/* End PBXProject section */

/* Begin PBXSourcesBuildPhase section */
		090912FF294069110068E6F0 /* Sources */ = {
			isa = PBXSourcesBuildPhase;
			buildActionMask = 2147483647;
			files = (
				09F67B8229A88CE9004550FF /* MobileViewController.swift in Sources */,
				0909132C29406F990068E6F0 /* LoginViewController.swift in Sources */,
				0909132429406A270068E6F0 /* Exported.swift in Sources */,
				09F67B9529A8B639004550FF /* CodeViewModel.swift in Sources */,
				09F67B9129A8AB81004550FF /* CodeContentView.swift in Sources */,
				0955CBAE294C6C270025FE8F /* RegisterViewController.swift in Sources */,
				0909132A29406F6B0068E6F0 /* LoginNavigationViewController.swift in Sources */,
				0909132E29406FA90068E6F0 /* LoginContentView.swift in Sources */,
				09F67B8629A88F88004550FF /* LoginProvider.swift in Sources */,
				09F67BD529AA14B2004550FF /* RegisterNavigationController.swift in Sources */,
				09F67B8F29A8AB77004550FF /* CodeViewController.swift in Sources */,
				0909132629406A330068E6F0 /* LoginModule.swift in Sources */,
				0955CBB2294C6C3E0025FE8F /* RegisterProvider.swift in Sources */,
				0955CBB0294C6C320025FE8F /* RegisterContentView.swift in Sources */,
				09F67B8429A88CFB004550FF /* MobileContentView.swift in Sources */,
			);
			runOnlyForDeploymentPostprocessing = 0;
		};
/* End PBXSourcesBuildPhase section */

/* Begin XCBuildConfiguration section */
		09091308294069110068E6F0 /* Debug */ = {
			isa = XCBuildConfiguration;
			buildSettings = {
				ALWAYS_SEARCH_USER_PATHS = NO;
				CLANG_ANALYZER_NONNULL = YES;
				CLANG_ANALYZER_NUMBER_OBJECT_CONVERSION = YES_AGGRESSIVE;
				CLANG_CXX_LANGUAGE_STANDARD = "gnu++20";
				CLANG_ENABLE_MODULES = YES;
				CLANG_ENABLE_OBJC_ARC = YES;
				CLANG_ENABLE_OBJC_WEAK = YES;
				CLANG_WARN_BLOCK_CAPTURE_AUTORELEASING = YES;
				CLANG_WARN_BOOL_CONVERSION = YES;
				CLANG_WARN_COMMA = YES;
				CLANG_WARN_CONSTANT_CONVERSION = YES;
				CLANG_WARN_DEPRECATED_OBJC_IMPLEMENTATIONS = YES;
				CLANG_WARN_DIRECT_OBJC_ISA_USAGE = YES_ERROR;
				CLANG_WARN_DOCUMENTATION_COMMENTS = YES;
				CLANG_WARN_EMPTY_BODY = YES;
				CLANG_WARN_ENUM_CONVERSION = YES;
				CLANG_WARN_INFINITE_RECURSION = YES;
				CLANG_WARN_INT_CONVERSION = YES;
				CLANG_WARN_NON_LITERAL_NULL_CONVERSION = YES;
				CLANG_WARN_OBJC_IMPLICIT_RETAIN_SELF = YES;
				CLANG_WARN_OBJC_LITERAL_CONVERSION = YES;
				CLANG_WARN_OBJC_ROOT_CLASS = YES_ERROR;
				CLANG_WARN_QUOTED_INCLUDE_IN_FRAMEWORK_HEADER = YES;
				CLANG_WARN_RANGE_LOOP_ANALYSIS = YES;
				CLANG_WARN_STRICT_PROTOTYPES = YES;
				CLANG_WARN_SUSPICIOUS_MOVE = YES;
				CLANG_WARN_UNGUARDED_AVAILABILITY = YES_AGGRESSIVE;
				CLANG_WARN_UNREACHABLE_CODE = YES;
				CLANG_WARN__DUPLICATE_METHOD_MATCH = YES;
				COPY_PHASE_STRIP = NO;
				DEBUG_INFORMATION_FORMAT = dwarf;
				ENABLE_STRICT_OBJC_MSGSEND = YES;
				ENABLE_TESTABILITY = YES;
				GCC_C_LANGUAGE_STANDARD = gnu11;
				GCC_DYNAMIC_NO_PIC = NO;
				GCC_NO_COMMON_BLOCKS = YES;
				GCC_OPTIMIZATION_LEVEL = 0;
				GCC_PREPROCESSOR_DEFINITIONS = (
					"DEBUG=1",
					"$(inherited)",
				);
				GCC_WARN_64_TO_32_BIT_CONVERSION = YES;
				GCC_WARN_ABOUT_RETURN_TYPE = YES_ERROR;
				GCC_WARN_UNDECLARED_SELECTOR = YES;
				GCC_WARN_UNINITIALIZED_AUTOS = YES_AGGRESSIVE;
				GCC_WARN_UNUSED_FUNCTION = YES;
				GCC_WARN_UNUSED_VARIABLE = YES;
				IPHONEOS_DEPLOYMENT_TARGET = 16.1;
				MTL_ENABLE_DEBUG_INFO = INCLUDE_SOURCE;
				MTL_FAST_MATH = YES;
				ONLY_ACTIVE_ARCH = YES;
				SDKROOT = iphoneos;
				SWIFT_ACTIVE_COMPILATION_CONDITIONS = DEBUG;
				SWIFT_OPTIMIZATION_LEVEL = "-Onone";
			};
			name = Debug;
		};
		09091309294069110068E6F0 /* Release */ = {
			isa = XCBuildConfiguration;
			buildSettings = {
				ALWAYS_SEARCH_USER_PATHS = NO;
				CLANG_ANALYZER_NONNULL = YES;
				CLANG_ANALYZER_NUMBER_OBJECT_CONVERSION = YES_AGGRESSIVE;
				CLANG_CXX_LANGUAGE_STANDARD = "gnu++20";
				CLANG_ENABLE_MODULES = YES;
				CLANG_ENABLE_OBJC_ARC = YES;
				CLANG_ENABLE_OBJC_WEAK = YES;
				CLANG_WARN_BLOCK_CAPTURE_AUTORELEASING = YES;
				CLANG_WARN_BOOL_CONVERSION = YES;
				CLANG_WARN_COMMA = YES;
				CLANG_WARN_CONSTANT_CONVERSION = YES;
				CLANG_WARN_DEPRECATED_OBJC_IMPLEMENTATIONS = YES;
				CLANG_WARN_DIRECT_OBJC_ISA_USAGE = YES_ERROR;
				CLANG_WARN_DOCUMENTATION_COMMENTS = YES;
				CLANG_WARN_EMPTY_BODY = YES;
				CLANG_WARN_ENUM_CONVERSION = YES;
				CLANG_WARN_INFINITE_RECURSION = YES;
				CLANG_WARN_INT_CONVERSION = YES;
				CLANG_WARN_NON_LITERAL_NULL_CONVERSION = YES;
				CLANG_WARN_OBJC_IMPLICIT_RETAIN_SELF = YES;
				CLANG_WARN_OBJC_LITERAL_CONVERSION = YES;
				CLANG_WARN_OBJC_ROOT_CLASS = YES_ERROR;
				CLANG_WARN_QUOTED_INCLUDE_IN_FRAMEWORK_HEADER = YES;
				CLANG_WARN_RANGE_LOOP_ANALYSIS = YES;
				CLANG_WARN_STRICT_PROTOTYPES = YES;
				CLANG_WARN_SUSPICIOUS_MOVE = YES;
				CLANG_WARN_UNGUARDED_AVAILABILITY = YES_AGGRESSIVE;
				CLANG_WARN_UNREACHABLE_CODE = YES;
				CLANG_WARN__DUPLICATE_METHOD_MATCH = YES;
				COPY_PHASE_STRIP = NO;
				DEBUG_INFORMATION_FORMAT = "dwarf-with-dsym";
				ENABLE_NS_ASSERTIONS = NO;
				ENABLE_STRICT_OBJC_MSGSEND = YES;
				GCC_C_LANGUAGE_STANDARD = gnu11;
				GCC_NO_COMMON_BLOCKS = YES;
				GCC_WARN_64_TO_32_BIT_CONVERSION = YES;
				GCC_WARN_ABOUT_RETURN_TYPE = YES_ERROR;
				GCC_WARN_UNDECLARED_SELECTOR = YES;
				GCC_WARN_UNINITIALIZED_AUTOS = YES_AGGRESSIVE;
				GCC_WARN_UNUSED_FUNCTION = YES;
				GCC_WARN_UNUSED_VARIABLE = YES;
				IPHONEOS_DEPLOYMENT_TARGET = 16.1;
				MTL_ENABLE_DEBUG_INFO = NO;
				MTL_FAST_MATH = YES;
				SDKROOT = iphoneos;
				SWIFT_COMPILATION_MODE = wholemodule;
				SWIFT_OPTIMIZATION_LEVEL = "-O";
				VALIDATE_PRODUCT = YES;
			};
			name = Release;
		};
		0909130B294069110068E6F0 /* Debug */ = {
			isa = XCBuildConfiguration;
			baseConfigurationReference = 09091319294069490068E6F0 /* AppLogin.Debug.xcconfig */;
			buildSettings = {
				CLANG_ENABLE_MODULES = YES;
				CODE_SIGN_STYLE = Automatic;
				LD_RUNPATH_SEARCH_PATHS = (
					"$(inherited)",
					"@executable_path/Frameworks",
					"@loader_path/Frameworks",
				);
				OTHER_LDFLAGS = "-ObjC";
				PRODUCT_NAME = "$(TARGET_NAME)";
				SKIP_INSTALL = YES;
				SWIFT_OPTIMIZATION_LEVEL = "-Onone";
				SWIFT_VERSION = 5.0;
				TARGETED_DEVICE_FAMILY = "1,2";
			};
			name = Debug;
		};
		0909130C294069110068E6F0 /* Release */ = {
			isa = XCBuildConfiguration;
			baseConfigurationReference = 0909131B294069490068E6F0 /* AppLogin.Release.xcconfig */;
			buildSettings = {
				CLANG_ENABLE_MODULES = YES;
				CODE_SIGN_STYLE = Automatic;
				LD_RUNPATH_SEARCH_PATHS = (
					"$(inherited)",
					"@executable_path/Frameworks",
					"@loader_path/Frameworks",
				);
				OTHER_LDFLAGS = "-ObjC";
				PRODUCT_NAME = "$(TARGET_NAME)";
				SKIP_INSTALL = YES;
				SWIFT_VERSION = 5.0;
				TARGETED_DEVICE_FAMILY = "1,2";
			};
			name = Release;
		};
/* End XCBuildConfiguration section */

/* Begin XCConfigurationList section */
		090912FE294069110068E6F0 /* Build configuration list for PBXProject "AppLogin" */ = {
			isa = XCConfigurationList;
			buildConfigurations = (
				09091308294069110068E6F0 /* Debug */,
				09091309294069110068E6F0 /* Release */,
			);
			defaultConfigurationIsVisible = 0;
			defaultConfigurationName = Release;
		};
		0909130A294069110068E6F0 /* Build configuration list for PBXNativeTarget "AppLogin" */ = {
			isa = XCConfigurationList;
			buildConfigurations = (
				0909130B294069110068E6F0 /* Debug */,
				0909130C294069110068E6F0 /* Release */,
			);
			defaultConfigurationIsVisible = 0;
			defaultConfigurationName = Release;
		};
/* End XCConfigurationList section */
	};
	rootObject = 090912FB294069110068E6F0 /* Project object */;
}
