// !$*UTF8*$!
{
	archiveVersion = 1;
	classes = {
	};
	objectVersion = 56;
	objects = {

/* Begin PBXBuildFile section */
		098BAE9D2939A10100702111 /* Service.framework in Frameworks */ = {isa = PBXBuildFile; fileRef = 098BAE9C2939A10100702111 /* Service.framework */; };
		098BAEA02939A12000702111 /* WebServerCenter.swift in Sources */ = {isa = PBXBuildFile; fileRef = 098BAE9F2939A12000702111 /* WebServerCenter.swift */; };
		098BAEA22939A12800702111 /* ClientHandler.swift in Sources */ = {isa = PBXBuildFile; fileRef = 098BAEA12939A12800702111 /* ClientHandler.swift */; };
/* End PBXBuildFile section */

/* Begin PBXCopyFilesBuildPhase section */
		098BAE832939A0A100702111 /* CopyFiles */ = {
			isa = PBXCopyFilesBuildPhase;
			buildActionMask = 2147483647;
			dstPath = "include/$(PRODUCT_NAME)";
			dstSubfolderSpec = 16;
			files = (
			);
			runOnlyForDeploymentPostprocessing = 0;
		};
/* End PBXCopyFilesBuildPhase section */

/* Begin PBXFileReference section */
		098BAE852939A0A100702111 /* libCenterWebServer.a */ = {isa = PBXFileReference; explicitFileType = archive.ar; includeInIndex = 0; path = libCenterWebServer.a; sourceTree = BUILT_PRODUCTS_DIR; };
		098BAE982939A0CB00702111 /* CenterWebServer.Debug.xcconfig */ = {isa = PBXFileReference; lastKnownFileType = text.xcconfig; path = CenterWebServer.Debug.xcconfig; sourceTree = "<group>"; };
		098BAE992939A0CB00702111 /* CenterWebServer.Release.xcconfig */ = {isa = PBXFileReference; lastKnownFileType = text.xcconfig; path = CenterWebServer.Release.xcconfig; sourceTree = "<group>"; };
		098BAE9A2939A0CB00702111 /* CenterWebServer.xcconfig */ = {isa = PBXFileReference; lastKnownFileType = text.xcconfig; path = CenterWebServer.xcconfig; sourceTree = "<group>"; };
		098BAE9C2939A10100702111 /* Service.framework */ = {isa = PBXFileReference; explicitFileType = wrapper.framework; path = Service.framework; sourceTree = BUILT_PRODUCTS_DIR; };
		098BAE9F2939A12000702111 /* WebServerCenter.swift */ = {isa = PBXFileReference; lastKnownFileType = sourcecode.swift; path = WebServerCenter.swift; sourceTree = "<group>"; };
		098BAEA12939A12800702111 /* ClientHandler.swift */ = {isa = PBXFileReference; lastKnownFileType = sourcecode.swift; path = ClientHandler.swift; sourceTree = "<group>"; };
/* End PBXFileReference section */

/* Begin PBXFrameworksBuildPhase section */
		098BAE822939A0A100702111 /* Frameworks */ = {
			isa = PBXFrameworksBuildPhase;
			buildActionMask = 2147483647;
			files = (
				098BAE9D2939A10100702111 /* Service.framework in Frameworks */,
			);
			runOnlyForDeploymentPostprocessing = 0;
		};
/* End PBXFrameworksBuildPhase section */

/* Begin PBXGroup section */
		098BAE7C2939A0A100702111 = {
			isa = PBXGroup;
			children = (
				098BAE962939A0AA00702111 /* Sources */,
				098BAE972939A0B400702111 /* XCConfig */,
				098BAE862939A0A100702111 /* Products */,
				098BAE9B2939A10100702111 /* Frameworks */,
			);
			sourceTree = "<group>";
		};
		098BAE862939A0A100702111 /* Products */ = {
			isa = PBXGroup;
			children = (
				098BAE852939A0A100702111 /* libCenterWebServer.a */,
			);
			name = Products;
			sourceTree = "<group>";
		};
		098BAE962939A0AA00702111 /* Sources */ = {
			isa = PBXGroup;
			children = (
				098BAE9F2939A12000702111 /* WebServerCenter.swift */,
				098BAEA12939A12800702111 /* ClientHandler.swift */,
			);
			path = Sources;
			sourceTree = "<group>";
		};
		098BAE972939A0B400702111 /* XCConfig */ = {
			isa = PBXGroup;
			children = (
				098BAE9A2939A0CB00702111 /* CenterWebServer.xcconfig */,
				098BAE982939A0CB00702111 /* CenterWebServer.Debug.xcconfig */,
				098BAE992939A0CB00702111 /* CenterWebServer.Release.xcconfig */,
			);
			path = XCConfig;
			sourceTree = "<group>";
		};
		098BAE9B2939A10100702111 /* Frameworks */ = {
			isa = PBXGroup;
			children = (
				098BAE9C2939A10100702111 /* Service.framework */,
			);
			name = Frameworks;
			sourceTree = "<group>";
		};
/* End PBXGroup section */

/* Begin PBXNativeTarget section */
		098BAE842939A0A100702111 /* CenterWebServer */ = {
			isa = PBXNativeTarget;
			buildConfigurationList = 098BAE8C2939A0A200702111 /* Build configuration list for PBXNativeTarget "CenterWebServer" */;
			buildPhases = (
				098BAE812939A0A100702111 /* Sources */,
				098BAE822939A0A100702111 /* Frameworks */,
				098BAE832939A0A100702111 /* CopyFiles */,
			);
			buildRules = (
			);
			dependencies = (
			);
			name = CenterWebServer;
			productName = CenterWebServer;
			productReference = 098BAE852939A0A100702111 /* libCenterWebServer.a */;
			productType = "com.apple.product-type.library.static";
		};
/* End PBXNativeTarget section */

/* Begin PBXProject section */
		098BAE7D2939A0A100702111 /* Project object */ = {
			isa = PBXProject;
			attributes = {
				BuildIndependentTargetsInParallel = 1;
				LastSwiftUpdateCheck = 1410;
				LastUpgradeCheck = 1410;
				TargetAttributes = {
					098BAE842939A0A100702111 = {
						CreatedOnToolsVersion = 14.1;
						LastSwiftMigration = 1410;
					};
				};
			};
			buildConfigurationList = 098BAE802939A0A100702111 /* Build configuration list for PBXProject "CenterWebServer" */;
			compatibilityVersion = "Xcode 14.0";
			developmentRegion = en;
			hasScannedForEncodings = 0;
			knownRegions = (
				en,
				Base,
			);
			mainGroup = 098BAE7C2939A0A100702111;
			productRefGroup = 098BAE862939A0A100702111 /* Products */;
			projectDirPath = "";
			projectRoot = "";
			targets = (
				098BAE842939A0A100702111 /* CenterWebServer */,
			);
		};
/* End PBXProject section */

/* Begin PBXSourcesBuildPhase section */
		098BAE812939A0A100702111 /* Sources */ = {
			isa = PBXSourcesBuildPhase;
			buildActionMask = 2147483647;
			files = (
				098BAEA02939A12000702111 /* WebServerCenter.swift in Sources */,
				098BAEA22939A12800702111 /* ClientHandler.swift in Sources */,
			);
			runOnlyForDeploymentPostprocessing = 0;
		};
/* End PBXSourcesBuildPhase section */

/* Begin XCBuildConfiguration section */
		098BAE8A2939A0A200702111 /* Debug */ = {
			isa = XCBuildConfiguration;
			buildSettings = {
				ALWAYS_SEARCH_USER_PATHS = NO;
				CLANG_ANALYZER_NONNULL = YES;
				CLANG_ANALYZER_NUMBER_OBJECT_CONVERSION = YES_AGGRESSIVE;
				CLANG_CXX_LANGUAGE_STANDARD = "gnu++20";
				CLANG_ENABLE_MODULES = YES;
				CLANG_ENABLE_OBJC_ARC = YES;
				CLANG_ENABLE_OBJC_WEAK = YES;
				CLANG_WARN_BLOCK_CAPTURE_AUTORELEASING = YES;
				CLANG_WARN_BOOL_CONVERSION = YES;
				CLANG_WARN_COMMA = YES;
				CLANG_WARN_CONSTANT_CONVERSION = YES;
				CLANG_WARN_DEPRECATED_OBJC_IMPLEMENTATIONS = YES;
				CLANG_WARN_DIRECT_OBJC_ISA_USAGE = YES_ERROR;
				CLANG_WARN_DOCUMENTATION_COMMENTS = YES;
				CLANG_WARN_EMPTY_BODY = YES;
				CLANG_WARN_ENUM_CONVERSION = YES;
				CLANG_WARN_INFINITE_RECURSION = YES;
				CLANG_WARN_INT_CONVERSION = YES;
				CLANG_WARN_NON_LITERAL_NULL_CONVERSION = YES;
				CLANG_WARN_OBJC_IMPLICIT_RETAIN_SELF = YES;
				CLANG_WARN_OBJC_LITERAL_CONVERSION = YES;
				CLANG_WARN_OBJC_ROOT_CLASS = YES_ERROR;
				CLANG_WARN_QUOTED_INCLUDE_IN_FRAMEWORK_HEADER = YES;
				CLANG_WARN_RANGE_LOOP_ANALYSIS = YES;
				CLANG_WARN_STRICT_PROTOTYPES = YES;
				CLANG_WARN_SUSPICIOUS_MOVE = YES;
				CLANG_WARN_UNGUARDED_AVAILABILITY = YES_AGGRESSIVE;
				CLANG_WARN_UNREACHABLE_CODE = YES;
				CLANG_WARN__DUPLICATE_METHOD_MATCH = YES;
				COPY_PHASE_STRIP = NO;
				DEBUG_INFORMATION_FORMAT = dwarf;
				ENABLE_STRICT_OBJC_MSGSEND = YES;
				ENABLE_TESTABILITY = YES;
				GCC_C_LANGUAGE_STANDARD = gnu11;
				GCC_DYNAMIC_NO_PIC = NO;
				GCC_NO_COMMON_BLOCKS = YES;
				GCC_OPTIMIZATION_LEVEL = 0;
				GCC_PREPROCESSOR_DEFINITIONS = (
					"DEBUG=1",
					"$(inherited)",
				);
				GCC_WARN_64_TO_32_BIT_CONVERSION = YES;
				GCC_WARN_ABOUT_RETURN_TYPE = YES_ERROR;
				GCC_WARN_UNDECLARED_SELECTOR = YES;
				GCC_WARN_UNINITIALIZED_AUTOS = YES_AGGRESSIVE;
				GCC_WARN_UNUSED_FUNCTION = YES;
				GCC_WARN_UNUSED_VARIABLE = YES;
				IPHONEOS_DEPLOYMENT_TARGET = 16.1;
				MTL_ENABLE_DEBUG_INFO = INCLUDE_SOURCE;
				MTL_FAST_MATH = YES;
				ONLY_ACTIVE_ARCH = YES;
				SDKROOT = iphoneos;
				SWIFT_ACTIVE_COMPILATION_CONDITIONS = DEBUG;
				SWIFT_OPTIMIZATION_LEVEL = "-Onone";
			};
			name = Debug;
		};
		098BAE8B2939A0A200702111 /* Release */ = {
			isa = XCBuildConfiguration;
			buildSettings = {
				ALWAYS_SEARCH_USER_PATHS = NO;
				CLANG_ANALYZER_NONNULL = YES;
				CLANG_ANALYZER_NUMBER_OBJECT_CONVERSION = YES_AGGRESSIVE;
				CLANG_CXX_LANGUAGE_STANDARD = "gnu++20";
				CLANG_ENABLE_MODULES = YES;
				CLANG_ENABLE_OBJC_ARC = YES;
				CLANG_ENABLE_OBJC_WEAK = YES;
				CLANG_WARN_BLOCK_CAPTURE_AUTORELEASING = YES;
				CLANG_WARN_BOOL_CONVERSION = YES;
				CLANG_WARN_COMMA = YES;
				CLANG_WARN_CONSTANT_CONVERSION = YES;
				CLANG_WARN_DEPRECATED_OBJC_IMPLEMENTATIONS = YES;
				CLANG_WARN_DIRECT_OBJC_ISA_USAGE = YES_ERROR;
				CLANG_WARN_DOCUMENTATION_COMMENTS = YES;
				CLANG_WARN_EMPTY_BODY = YES;
				CLANG_WARN_ENUM_CONVERSION = YES;
				CLANG_WARN_INFINITE_RECURSION = YES;
				CLANG_WARN_INT_CONVERSION = YES;
				CLANG_WARN_NON_LITERAL_NULL_CONVERSION = YES;
				CLANG_WARN_OBJC_IMPLICIT_RETAIN_SELF = YES;
				CLANG_WARN_OBJC_LITERAL_CONVERSION = YES;
				CLANG_WARN_OBJC_ROOT_CLASS = YES_ERROR;
				CLANG_WARN_QUOTED_INCLUDE_IN_FRAMEWORK_HEADER = YES;
				CLANG_WARN_RANGE_LOOP_ANALYSIS = YES;
				CLANG_WARN_STRICT_PROTOTYPES = YES;
				CLANG_WARN_SUSPICIOUS_MOVE = YES;
				CLANG_WARN_UNGUARDED_AVAILABILITY = YES_AGGRESSIVE;
				CLANG_WARN_UNREACHABLE_CODE = YES;
				CLANG_WARN__DUPLICATE_METHOD_MATCH = YES;
				COPY_PHASE_STRIP = NO;
				DEBUG_INFORMATION_FORMAT = "dwarf-with-dsym";
				ENABLE_NS_ASSERTIONS = NO;
				ENABLE_STRICT_OBJC_MSGSEND = YES;
				GCC_C_LANGUAGE_STANDARD = gnu11;
				GCC_NO_COMMON_BLOCKS = YES;
				GCC_WARN_64_TO_32_BIT_CONVERSION = YES;
				GCC_WARN_ABOUT_RETURN_TYPE = YES_ERROR;
				GCC_WARN_UNDECLARED_SELECTOR = YES;
				GCC_WARN_UNINITIALIZED_AUTOS = YES_AGGRESSIVE;
				GCC_WARN_UNUSED_FUNCTION = YES;
				GCC_WARN_UNUSED_VARIABLE = YES;
				IPHONEOS_DEPLOYMENT_TARGET = 16.1;
				MTL_ENABLE_DEBUG_INFO = NO;
				MTL_FAST_MATH = YES;
				SDKROOT = iphoneos;
				SWIFT_COMPILATION_MODE = wholemodule;
				SWIFT_OPTIMIZATION_LEVEL = "-O";
				VALIDATE_PRODUCT = YES;
			};
			name = Release;
		};
		098BAE8D2939A0A200702111 /* Debug */ = {
			isa = XCBuildConfiguration;
			baseConfigurationReference = 098BAE982939A0CB00702111 /* CenterWebServer.Debug.xcconfig */;
			buildSettings = {
				CLANG_ENABLE_MODULES = YES;
				CODE_SIGN_STYLE = Automatic;
				LD_RUNPATH_SEARCH_PATHS = (
					"$(inherited)",
					"@executable_path/Frameworks",
					"@loader_path/Frameworks",
				);
				OTHER_LDFLAGS = "-ObjC";
				PRODUCT_NAME = "$(TARGET_NAME)";
				SKIP_INSTALL = YES;
				SWIFT_OPTIMIZATION_LEVEL = "-Onone";
				SWIFT_VERSION = 5.0;
				TARGETED_DEVICE_FAMILY = "1,2";
			};
			name = Debug;
		};
		098BAE8E2939A0A200702111 /* Release */ = {
			isa = XCBuildConfiguration;
			baseConfigurationReference = 098BAE992939A0CB00702111 /* CenterWebServer.Release.xcconfig */;
			buildSettings = {
				CLANG_ENABLE_MODULES = YES;
				CODE_SIGN_STYLE = Automatic;
				LD_RUNPATH_SEARCH_PATHS = (
					"$(inherited)",
					"@executable_path/Frameworks",
					"@loader_path/Frameworks",
				);
				OTHER_LDFLAGS = "-ObjC";
				PRODUCT_NAME = "$(TARGET_NAME)";
				SKIP_INSTALL = YES;
				SWIFT_VERSION = 5.0;
				TARGETED_DEVICE_FAMILY = "1,2";
			};
			name = Release;
		};
/* End XCBuildConfiguration section */

/* Begin XCConfigurationList section */
		098BAE802939A0A100702111 /* Build configuration list for PBXProject "CenterWebServer" */ = {
			isa = XCConfigurationList;
			buildConfigurations = (
				098BAE8A2939A0A200702111 /* Debug */,
				098BAE8B2939A0A200702111 /* Release */,
			);
			defaultConfigurationIsVisible = 0;
			defaultConfigurationName = Release;
		};
		098BAE8C2939A0A200702111 /* Build configuration list for PBXNativeTarget "CenterWebServer" */ = {
			isa = XCConfigurationList;
			buildConfigurations = (
				098BAE8D2939A0A200702111 /* Debug */,
				098BAE8E2939A0A200702111 /* Release */,
			);
			defaultConfigurationIsVisible = 0;
			defaultConfigurationName = Release;
		};
/* End XCConfigurationList section */
	};
	rootObject = 098BAE7D2939A0A100702111 /* Project object */;
}
