// !$*UTF8*$!
{
	archiveVersion = 1;
	classes = {
	};
	objectVersion = 56;
	objects = {

/* Begin PBXBuildFile section */
		0909133B29418FBD0068E6F0 /* TokenInfo.swift in Sources */ = {isa = PBXBuildFile; fileRef = 0909133A29418FBD0068E6F0 /* TokenInfo.swift */; };
		090913432941CCC60068E6F0 /* Response.swift in Sources */ = {isa = PBXBuildFile; fileRef = 090913422941CCC60068E6F0 /* Response.swift */; };
		0955CB96294AF1250025FE8F /* Exported.swift in Sources */ = {isa = PBXBuildFile; fileRef = 0955CB95294AF1250025FE8F /* Exported.swift */; };
		0955CB98294B11CF0025FE8F /* UserInfo.swift in Sources */ = {isa = PBXBuildFile; fileRef = 0955CB97294B11CF0025FE8F /* UserInfo.swift */; };
		0955CB9A294B12D10025FE8F /* UserRequest.swift in Sources */ = {isa = PBXBuildFile; fileRef = 0955CB99294B12D10025FE8F /* UserRequest.swift */; };
		0955CBA9294C205E0025FE8F /* Coder.Date.swift in Sources */ = {isa = PBXBuildFile; fileRef = 0955CBA8294C205E0025FE8F /* Coder.Date.swift */; };
		0973EA8D29372CBA00B96163 /* APICenterModule.swift in Sources */ = {isa = PBXBuildFile; fileRef = 0973EA8C29372CBA00B96163 /* APICenterModule.swift */; };
		0973EA9629372CFC00B96163 /* Service.framework in Frameworks */ = {isa = PBXBuildFile; fileRef = 0973EA9529372CFC00B96163 /* Service.framework */; };
		0973EA9D29372D6E00B96163 /* APICenter.swift in Sources */ = {isa = PBXBuildFile; fileRef = 0973EA9C29372D6E00B96163 /* APICenter.swift */; };
		0973EAA129372D9B00B96163 /* APICenter.Token.swift in Sources */ = {isa = PBXBuildFile; fileRef = 0973EAA029372D9B00B96163 /* APICenter.Token.swift */; };
		0973EAB929373AF200B96163 /* BaseRequestable.swift in Sources */ = {isa = PBXBuildFile; fileRef = 0973EAB829373AF200B96163 /* BaseRequestable.swift */; };
		0973EABB29373B3D00B96163 /* HTTPError.swift in Sources */ = {isa = PBXBuildFile; fileRef = 0973EABA29373B3D00B96163 /* HTTPError.swift */; };
		09D0D50B29AD97A70097C6F4 /* APICenter.User.swift in Sources */ = {isa = PBXBuildFile; fileRef = 09D0D50A29AD97A70097C6F4 /* APICenter.User.swift */; };
		09D0D50D29AD97C10097C6F4 /* APICenter.Couple.swift in Sources */ = {isa = PBXBuildFile; fileRef = 09D0D50C29AD97C10097C6F4 /* APICenter.Couple.swift */; };
		09D0D50F29AD98310097C6F4 /* APICenter.Login.swift in Sources */ = {isa = PBXBuildFile; fileRef = 09D0D50E29AD98310097C6F4 /* APICenter.Login.swift */; };
		09E4FB7629B6D2A40077FFFD /* APIService.swift in Sources */ = {isa = PBXBuildFile; fileRef = 09E4FB7529B6D2A40077FFFD /* APIService.swift */; };
		09E4FB7929B6D34C0077FFFD /* CupidAPIService.swift in Sources */ = {isa = PBXBuildFile; fileRef = 09E4FB7829B6D34C0077FFFD /* CupidAPIService.swift */; };
		09E4FB7B29B6D3920077FFFD /* CupidAPIServiceContextual.swift in Sources */ = {isa = PBXBuildFile; fileRef = 09E4FB7A29B6D3920077FFFD /* CupidAPIServiceContextual.swift */; };
		09E4FB7D29B6D83F0077FFFD /* CupidAPIService.User.swift in Sources */ = {isa = PBXBuildFile; fileRef = 09E4FB7C29B6D83F0077FFFD /* CupidAPIService.User.swift */; };
		09F67B8C29A89E90004550FF /* NullResponse.swift in Sources */ = {isa = PBXBuildFile; fileRef = 09F67B8B29A89E90004550FF /* NullResponse.swift */; };
		09F67B9329A8AD2D004550FF /* LoginRequest.swift in Sources */ = {isa = PBXBuildFile; fileRef = 09F67B9229A8AD2D004550FF /* LoginRequest.swift */; };
		09F67BED29ACC674004550FF /* CoupleInfo.swift in Sources */ = {isa = PBXBuildFile; fileRef = 09F67BEC29ACC674004550FF /* CoupleInfo.swift */; };
		09F67BEF29ACC6F4004550FF /* CoupleRequest.swift in Sources */ = {isa = PBXBuildFile; fileRef = 09F67BEE29ACC6F4004550FF /* CoupleRequest.swift */; };
/* End PBXBuildFile section */

/* Begin PBXCopyFilesBuildPhase section */
		0973EA7529372BE500B96163 /* CopyFiles */ = {
			isa = PBXCopyFilesBuildPhase;
			buildActionMask = 2147483647;
			dstPath = "include/$(PRODUCT_NAME)";
			dstSubfolderSpec = 16;
			files = (
			);
			runOnlyForDeploymentPostprocessing = 0;
		};
/* End PBXCopyFilesBuildPhase section */

/* Begin PBXFileReference section */
		0909133A29418FBD0068E6F0 /* TokenInfo.swift */ = {isa = PBXFileReference; lastKnownFileType = sourcecode.swift; path = TokenInfo.swift; sourceTree = "<group>"; };
		090913422941CCC60068E6F0 /* Response.swift */ = {isa = PBXFileReference; lastKnownFileType = sourcecode.swift; path = Response.swift; sourceTree = "<group>"; };
		0955CB95294AF1250025FE8F /* Exported.swift */ = {isa = PBXFileReference; lastKnownFileType = sourcecode.swift; path = Exported.swift; sourceTree = "<group>"; };
		0955CB97294B11CF0025FE8F /* UserInfo.swift */ = {isa = PBXFileReference; lastKnownFileType = sourcecode.swift; path = UserInfo.swift; sourceTree = "<group>"; };
		0955CB99294B12D10025FE8F /* UserRequest.swift */ = {isa = PBXFileReference; lastKnownFileType = sourcecode.swift; path = UserRequest.swift; sourceTree = "<group>"; };
		0955CBA8294C205E0025FE8F /* Coder.Date.swift */ = {isa = PBXFileReference; lastKnownFileType = sourcecode.swift; path = Coder.Date.swift; sourceTree = "<group>"; };
		0973EA7729372BE500B96163 /* libCenterAPI.a */ = {isa = PBXFileReference; explicitFileType = archive.ar; includeInIndex = 0; path = libCenterAPI.a; sourceTree = BUILT_PRODUCTS_DIR; };
		0973EA8929372C6700B96163 /* CenterAPI.xcconfig */ = {isa = PBXFileReference; lastKnownFileType = text.xcconfig; path = CenterAPI.xcconfig; sourceTree = "<group>"; };
		0973EA8A29372C6700B96163 /* CenterAPI.Debug.xcconfig */ = {isa = PBXFileReference; lastKnownFileType = text.xcconfig; path = CenterAPI.Debug.xcconfig; sourceTree = "<group>"; };
		0973EA8B29372C6700B96163 /* CenterAPI.Release.xcconfig */ = {isa = PBXFileReference; lastKnownFileType = text.xcconfig; path = CenterAPI.Release.xcconfig; sourceTree = "<group>"; };
		0973EA8C29372CBA00B96163 /* APICenterModule.swift */ = {isa = PBXFileReference; lastKnownFileType = sourcecode.swift; path = APICenterModule.swift; sourceTree = "<group>"; };
		0973EA9529372CFC00B96163 /* Service.framework */ = {isa = PBXFileReference; explicitFileType = wrapper.framework; path = Service.framework; sourceTree = BUILT_PRODUCTS_DIR; };
		0973EA9C29372D6E00B96163 /* APICenter.swift */ = {isa = PBXFileReference; lastKnownFileType = sourcecode.swift; path = APICenter.swift; sourceTree = "<group>"; };
		0973EAA029372D9B00B96163 /* APICenter.Token.swift */ = {isa = PBXFileReference; lastKnownFileType = sourcecode.swift; path = APICenter.Token.swift; sourceTree = "<group>"; };
		0973EAB829373AF200B96163 /* BaseRequestable.swift */ = {isa = PBXFileReference; lastKnownFileType = sourcecode.swift; path = BaseRequestable.swift; sourceTree = "<group>"; };
		0973EABA29373B3D00B96163 /* HTTPError.swift */ = {isa = PBXFileReference; lastKnownFileType = sourcecode.swift; path = HTTPError.swift; sourceTree = "<group>"; };
		09D0D50A29AD97A70097C6F4 /* APICenter.User.swift */ = {isa = PBXFileReference; lastKnownFileType = sourcecode.swift; path = APICenter.User.swift; sourceTree = "<group>"; };
		09D0D50C29AD97C10097C6F4 /* APICenter.Couple.swift */ = {isa = PBXFileReference; lastKnownFileType = sourcecode.swift; path = APICenter.Couple.swift; sourceTree = "<group>"; };
		09D0D50E29AD98310097C6F4 /* APICenter.Login.swift */ = {isa = PBXFileReference; lastKnownFileType = sourcecode.swift; path = APICenter.Login.swift; sourceTree = "<group>"; };
		09E4FB7529B6D2A40077FFFD /* APIService.swift */ = {isa = PBXFileReference; lastKnownFileType = sourcecode.swift; path = APIService.swift; sourceTree = "<group>"; };
		09E4FB7829B6D34C0077FFFD /* CupidAPIService.swift */ = {isa = PBXFileReference; lastKnownFileType = sourcecode.swift; path = CupidAPIService.swift; sourceTree = "<group>"; };
		09E4FB7A29B6D3920077FFFD /* CupidAPIServiceContextual.swift */ = {isa = PBXFileReference; lastKnownFileType = sourcecode.swift; path = CupidAPIServiceContextual.swift; sourceTree = "<group>"; };
		09E4FB7C29B6D83F0077FFFD /* CupidAPIService.User.swift */ = {isa = PBXFileReference; lastKnownFileType = sourcecode.swift; path = CupidAPIService.User.swift; sourceTree = "<group>"; };
		09F67B8B29A89E90004550FF /* NullResponse.swift */ = {isa = PBXFileReference; lastKnownFileType = sourcecode.swift; path = NullResponse.swift; sourceTree = "<group>"; };
		09F67B9229A8AD2D004550FF /* LoginRequest.swift */ = {isa = PBXFileReference; lastKnownFileType = sourcecode.swift; path = LoginRequest.swift; sourceTree = "<group>"; };
		09F67BEC29ACC674004550FF /* CoupleInfo.swift */ = {isa = PBXFileReference; lastKnownFileType = sourcecode.swift; path = CoupleInfo.swift; sourceTree = "<group>"; };
		09F67BEE29ACC6F4004550FF /* CoupleRequest.swift */ = {isa = PBXFileReference; lastKnownFileType = sourcecode.swift; path = CoupleRequest.swift; sourceTree = "<group>"; };
/* End PBXFileReference section */

/* Begin PBXFrameworksBuildPhase section */
		0973EA7429372BE500B96163 /* Frameworks */ = {
			isa = PBXFrameworksBuildPhase;
			buildActionMask = 2147483647;
			files = (
				0973EA9629372CFC00B96163 /* Service.framework in Frameworks */,
			);
			runOnlyForDeploymentPostprocessing = 0;
		};
/* End PBXFrameworksBuildPhase section */

/* Begin PBXGroup section */
		090913402941BF080068E6F0 /* Response */ = {
			isa = PBXGroup;
			children = (
				090913422941CCC60068E6F0 /* Response.swift */,
			);
			path = Response;
			sourceTree = "<group>";
		};
		0973EA6E29372BE500B96163 = {
			isa = PBXGroup;
			children = (
				0973EA8729372C3000B96163 /* Sources */,
				0973EA8829372C4700B96163 /* XCConfig */,
				0973EA7829372BE500B96163 /* Products */,
				0973EA9429372CFC00B96163 /* Frameworks */,
			);
			sourceTree = "<group>";
		};
		0973EA7829372BE500B96163 /* Products */ = {
			isa = PBXGroup;
			children = (
				0973EA7729372BE500B96163 /* libCenterAPI.a */,
			);
			name = Products;
			sourceTree = "<group>";
		};
		0973EA8729372C3000B96163 /* Sources */ = {
			isa = PBXGroup;
			children = (
				09E4FB7429B6D28F0077FFFD /* Service */,
				0955CB95294AF1250025FE8F /* Exported.swift */,
				0973EA8C29372CBA00B96163 /* APICenterModule.swift */,
				0973EA9729372D0D00B96163 /* APICenter */,
				0973EA9829372D1600B96163 /* Requests */,
				0973EA9929372D2400B96163 /* Models */,
				090913402941BF080068E6F0 /* Response */,
				0973EA9A29372D2B00B96163 /* Error */,
				0973EA9B29372D3800B96163 /* TypeDefine */,
			);
			path = Sources;
			sourceTree = "<group>";
		};
		0973EA8829372C4700B96163 /* XCConfig */ = {
			isa = PBXGroup;
			children = (
				0973EA8929372C6700B96163 /* CenterAPI.xcconfig */,
				0973EA8A29372C6700B96163 /* CenterAPI.Debug.xcconfig */,
				0973EA8B29372C6700B96163 /* CenterAPI.Release.xcconfig */,
			);
			path = XCConfig;
			sourceTree = "<group>";
		};
		0973EA9429372CFC00B96163 /* Frameworks */ = {
			isa = PBXGroup;
			children = (
				0973EA9529372CFC00B96163 /* Service.framework */,
			);
			name = Frameworks;
			sourceTree = "<group>";
		};
		0973EA9729372D0D00B96163 /* APICenter */ = {
			isa = PBXGroup;
			children = (
				0973EA9C29372D6E00B96163 /* APICenter.swift */,
				0973EAA029372D9B00B96163 /* APICenter.Token.swift */,
				09D0D50A29AD97A70097C6F4 /* APICenter.User.swift */,
				09D0D50C29AD97C10097C6F4 /* APICenter.Couple.swift */,
				09D0D50E29AD98310097C6F4 /* APICenter.Login.swift */,
			);
			path = APICenter;
			sourceTree = "<group>";
		};
		0973EA9829372D1600B96163 /* Requests */ = {
			isa = PBXGroup;
			children = (
				0973EAB829373AF200B96163 /* BaseRequestable.swift */,
				0955CB99294B12D10025FE8F /* UserRequest.swift */,
				09F67B9229A8AD2D004550FF /* LoginRequest.swift */,
				09F67BEE29ACC6F4004550FF /* CoupleRequest.swift */,
			);
			path = Requests;
			sourceTree = "<group>";
		};
		0973EA9929372D2400B96163 /* Models */ = {
			isa = PBXGroup;
			children = (
				0909133A29418FBD0068E6F0 /* TokenInfo.swift */,
				0955CB97294B11CF0025FE8F /* UserInfo.swift */,
				0955CBA8294C205E0025FE8F /* Coder.Date.swift */,
				09F67B8B29A89E90004550FF /* NullResponse.swift */,
				09F67BEC29ACC674004550FF /* CoupleInfo.swift */,
			);
			path = Models;
			sourceTree = "<group>";
		};
		0973EA9A29372D2B00B96163 /* Error */ = {
			isa = PBXGroup;
			children = (
				0973EABA29373B3D00B96163 /* HTTPError.swift */,
			);
			path = Error;
			sourceTree = "<group>";
		};
		0973EA9B29372D3800B96163 /* TypeDefine */ = {
			isa = PBXGroup;
			children = (
			);
			path = TypeDefine;
			sourceTree = "<group>";
		};
		09E4FB7429B6D28F0077FFFD /* Service */ = {
			isa = PBXGroup;
			children = (
				09E4FB7529B6D2A40077FFFD /* APIService.swift */,
				09E4FB7729B6D33B0077FFFD /* Cupid */,
			);
			path = Service;
			sourceTree = "<group>";
		};
		09E4FB7729B6D33B0077FFFD /* Cupid */ = {
			isa = PBXGroup;
			children = (
				09E4FB7829B6D34C0077FFFD /* CupidAPIService.swift */,
				09E4FB7A29B6D3920077FFFD /* CupidAPIServiceContextual.swift */,
				09E4FB7C29B6D83F0077FFFD /* CupidAPIService.User.swift */,
			);
			path = Cupid;
			sourceTree = "<group>";
		};
/* End PBXGroup section */

/* Begin PBXNativeTarget section */
		0973EA7629372BE500B96163 /* CenterAPI */ = {
			isa = PBXNativeTarget;
			buildConfigurationList = 0973EA7E29372BE500B96163 /* Build configuration list for PBXNativeTarget "CenterAPI" */;
			buildPhases = (
				0973EA7329372BE500B96163 /* Sources */,
				0973EA7429372BE500B96163 /* Frameworks */,
				0973EA7529372BE500B96163 /* CopyFiles */,
			);
			buildRules = (
			);
			dependencies = (
			);
			name = CenterAPI;
			productName = CenterAPI;
			productReference = 0973EA7729372BE500B96163 /* libCenterAPI.a */;
			productType = "com.apple.product-type.library.static";
		};
/* End PBXNativeTarget section */

/* Begin PBXProject section */
		0973EA6F29372BE500B96163 /* Project object */ = {
			isa = PBXProject;
			attributes = {
				BuildIndependentTargetsInParallel = 1;
				LastSwiftUpdateCheck = 1410;
				LastUpgradeCheck = 1410;
				TargetAttributes = {
					0973EA7629372BE500B96163 = {
						CreatedOnToolsVersion = 14.1;
						LastSwiftMigration = 1410;
					};
				};
			};
			buildConfigurationList = 0973EA7229372BE500B96163 /* Build configuration list for PBXProject "CenterAPI" */;
			compatibilityVersion = "Xcode 14.0";
			developmentRegion = en;
			hasScannedForEncodings = 0;
			knownRegions = (
				en,
				Base,
			);
			mainGroup = 0973EA6E29372BE500B96163;
			productRefGroup = 0973EA7829372BE500B96163 /* Products */;
			projectDirPath = "";
			projectRoot = "";
			targets = (
				0973EA7629372BE500B96163 /* CenterAPI */,
			);
		};
/* End PBXProject section */

/* Begin PBXSourcesBuildPhase section */
		0973EA7329372BE500B96163 /* Sources */ = {
			isa = PBXSourcesBuildPhase;
			buildActionMask = 2147483647;
			files = (
				09E4FB7929B6D34C0077FFFD /* CupidAPIService.swift in Sources */,
				09F67B9329A8AD2D004550FF /* LoginRequest.swift in Sources */,
				09E4FB7D29B6D83F0077FFFD /* CupidAPIService.User.swift in Sources */,
				09E4FB7629B6D2A40077FFFD /* APIService.swift in Sources */,
				09E4FB7B29B6D3920077FFFD /* CupidAPIServiceContextual.swift in Sources */,
				0955CB9A294B12D10025FE8F /* UserRequest.swift in Sources */,
				09F67BED29ACC674004550FF /* CoupleInfo.swift in Sources */,
				0973EA8D29372CBA00B96163 /* APICenterModule.swift in Sources */,
				0955CB96294AF1250025FE8F /* Exported.swift in Sources */,
				0973EAB929373AF200B96163 /* BaseRequestable.swift in Sources */,
				09F67B8C29A89E90004550FF /* NullResponse.swift in Sources */,
				0973EAA129372D9B00B96163 /* APICenter.Token.swift in Sources */,
				0973EABB29373B3D00B96163 /* HTTPError.swift in Sources */,
				09D0D50D29AD97C10097C6F4 /* APICenter.Couple.swift in Sources */,
				0955CBA9294C205E0025FE8F /* Coder.Date.swift in Sources */,
				0909133B29418FBD0068E6F0 /* TokenInfo.swift in Sources */,
				090913432941CCC60068E6F0 /* Response.swift in Sources */,
				09D0D50B29AD97A70097C6F4 /* APICenter.User.swift in Sources */,
				09D0D50F29AD98310097C6F4 /* APICenter.Login.swift in Sources */,
				0955CB98294B11CF0025FE8F /* UserInfo.swift in Sources */,
				0973EA9D29372D6E00B96163 /* APICenter.swift in Sources */,
				09F67BEF29ACC6F4004550FF /* CoupleRequest.swift in Sources */,
			);
			runOnlyForDeploymentPostprocessing = 0;
		};
/* End PBXSourcesBuildPhase section */

/* Begin XCBuildConfiguration section */
		0973EA7C29372BE500B96163 /* Debug */ = {
			isa = XCBuildConfiguration;
			buildSettings = {
				ALWAYS_SEARCH_USER_PATHS = NO;
				CLANG_ANALYZER_NONNULL = YES;
				CLANG_ANALYZER_NUMBER_OBJECT_CONVERSION = YES_AGGRESSIVE;
				CLANG_CXX_LANGUAGE_STANDARD = "gnu++20";
				CLANG_ENABLE_MODULES = YES;
				CLANG_ENABLE_OBJC_ARC = YES;
				CLANG_ENABLE_OBJC_WEAK = YES;
				CLANG_WARN_BLOCK_CAPTURE_AUTORELEASING = YES;
				CLANG_WARN_BOOL_CONVERSION = YES;
				CLANG_WARN_COMMA = YES;
				CLANG_WARN_CONSTANT_CONVERSION = YES;
				CLANG_WARN_DEPRECATED_OBJC_IMPLEMENTATIONS = YES;
				CLANG_WARN_DIRECT_OBJC_ISA_USAGE = YES_ERROR;
				CLANG_WARN_DOCUMENTATION_COMMENTS = YES;
				CLANG_WARN_EMPTY_BODY = YES;
				CLANG_WARN_ENUM_CONVERSION = YES;
				CLANG_WARN_INFINITE_RECURSION = YES;
				CLANG_WARN_INT_CONVERSION = YES;
				CLANG_WARN_NON_LITERAL_NULL_CONVERSION = YES;
				CLANG_WARN_OBJC_IMPLICIT_RETAIN_SELF = YES;
				CLANG_WARN_OBJC_LITERAL_CONVERSION = YES;
				CLANG_WARN_OBJC_ROOT_CLASS = YES_ERROR;
				CLANG_WARN_QUOTED_INCLUDE_IN_FRAMEWORK_HEADER = YES;
				CLANG_WARN_RANGE_LOOP_ANALYSIS = YES;
				CLANG_WARN_STRICT_PROTOTYPES = YES;
				CLANG_WARN_SUSPICIOUS_MOVE = YES;
				CLANG_WARN_UNGUARDED_AVAILABILITY = YES_AGGRESSIVE;
				CLANG_WARN_UNREACHABLE_CODE = YES;
				CLANG_WARN__DUPLICATE_METHOD_MATCH = YES;
				COPY_PHASE_STRIP = NO;
				DEBUG_INFORMATION_FORMAT = dwarf;
				ENABLE_STRICT_OBJC_MSGSEND = YES;
				ENABLE_TESTABILITY = YES;
				GCC_C_LANGUAGE_STANDARD = gnu11;
				GCC_DYNAMIC_NO_PIC = NO;
				GCC_NO_COMMON_BLOCKS = YES;
				GCC_OPTIMIZATION_LEVEL = 0;
				GCC_PREPROCESSOR_DEFINITIONS = (
					"DEBUG=1",
					"$(inherited)",
				);
				GCC_WARN_64_TO_32_BIT_CONVERSION = YES;
				GCC_WARN_ABOUT_RETURN_TYPE = YES_ERROR;
				GCC_WARN_UNDECLARED_SELECTOR = YES;
				GCC_WARN_UNINITIALIZED_AUTOS = YES_AGGRESSIVE;
				GCC_WARN_UNUSED_FUNCTION = YES;
				GCC_WARN_UNUSED_VARIABLE = YES;
				IPHONEOS_DEPLOYMENT_TARGET = 16.1;
				MTL_ENABLE_DEBUG_INFO = INCLUDE_SOURCE;
				MTL_FAST_MATH = YES;
				ONLY_ACTIVE_ARCH = YES;
				SDKROOT = iphoneos;
				SWIFT_ACTIVE_COMPILATION_CONDITIONS = DEBUG;
				SWIFT_OPTIMIZATION_LEVEL = "-Onone";
			};
			name = Debug;
		};
		0973EA7D29372BE500B96163 /* Release */ = {
			isa = XCBuildConfiguration;
			buildSettings = {
				ALWAYS_SEARCH_USER_PATHS = NO;
				CLANG_ANALYZER_NONNULL = YES;
				CLANG_ANALYZER_NUMBER_OBJECT_CONVERSION = YES_AGGRESSIVE;
				CLANG_CXX_LANGUAGE_STANDARD = "gnu++20";
				CLANG_ENABLE_MODULES = YES;
				CLANG_ENABLE_OBJC_ARC = YES;
				CLANG_ENABLE_OBJC_WEAK = YES;
				CLANG_WARN_BLOCK_CAPTURE_AUTORELEASING = YES;
				CLANG_WARN_BOOL_CONVERSION = YES;
				CLANG_WARN_COMMA = YES;
				CLANG_WARN_CONSTANT_CONVERSION = YES;
				CLANG_WARN_DEPRECATED_OBJC_IMPLEMENTATIONS = YES;
				CLANG_WARN_DIRECT_OBJC_ISA_USAGE = YES_ERROR;
				CLANG_WARN_DOCUMENTATION_COMMENTS = YES;
				CLANG_WARN_EMPTY_BODY = YES;
				CLANG_WARN_ENUM_CONVERSION = YES;
				CLANG_WARN_INFINITE_RECURSION = YES;
				CLANG_WARN_INT_CONVERSION = YES;
				CLANG_WARN_NON_LITERAL_NULL_CONVERSION = YES;
				CLANG_WARN_OBJC_IMPLICIT_RETAIN_SELF = YES;
				CLANG_WARN_OBJC_LITERAL_CONVERSION = YES;
				CLANG_WARN_OBJC_ROOT_CLASS = YES_ERROR;
				CLANG_WARN_QUOTED_INCLUDE_IN_FRAMEWORK_HEADER = YES;
				CLANG_WARN_RANGE_LOOP_ANALYSIS = YES;
				CLANG_WARN_STRICT_PROTOTYPES = YES;
				CLANG_WARN_SUSPICIOUS_MOVE = YES;
				CLANG_WARN_UNGUARDED_AVAILABILITY = YES_AGGRESSIVE;
				CLANG_WARN_UNREACHABLE_CODE = YES;
				CLANG_WARN__DUPLICATE_METHOD_MATCH = YES;
				COPY_PHASE_STRIP = NO;
				DEBUG_INFORMATION_FORMAT = "dwarf-with-dsym";
				ENABLE_NS_ASSERTIONS = NO;
				ENABLE_STRICT_OBJC_MSGSEND = YES;
				GCC_C_LANGUAGE_STANDARD = gnu11;
				GCC_NO_COMMON_BLOCKS = YES;
				GCC_WARN_64_TO_32_BIT_CONVERSION = YES;
				GCC_WARN_ABOUT_RETURN_TYPE = YES_ERROR;
				GCC_WARN_UNDECLARED_SELECTOR = YES;
				GCC_WARN_UNINITIALIZED_AUTOS = YES_AGGRESSIVE;
				GCC_WARN_UNUSED_FUNCTION = YES;
				GCC_WARN_UNUSED_VARIABLE = YES;
				IPHONEOS_DEPLOYMENT_TARGET = 16.1;
				MTL_ENABLE_DEBUG_INFO = NO;
				MTL_FAST_MATH = YES;
				SDKROOT = iphoneos;
				SWIFT_COMPILATION_MODE = wholemodule;
				SWIFT_OPTIMIZATION_LEVEL = "-O";
				VALIDATE_PRODUCT = YES;
			};
			name = Release;
		};
		0973EA7F29372BE500B96163 /* Debug */ = {
			isa = XCBuildConfiguration;
			baseConfigurationReference = 0973EA8A29372C6700B96163 /* CenterAPI.Debug.xcconfig */;
			buildSettings = {
				CLANG_ENABLE_MODULES = YES;
				CODE_SIGN_STYLE = Automatic;
				LD_RUNPATH_SEARCH_PATHS = (
					"$(inherited)",
					"@executable_path/Frameworks",
					"@loader_path/Frameworks",
				);
				OTHER_LDFLAGS = "-ObjC";
				PRODUCT_NAME = "$(TARGET_NAME)";
				SKIP_INSTALL = YES;
				SWIFT_OPTIMIZATION_LEVEL = "-Onone";
				SWIFT_VERSION = 5.0;
				TARGETED_DEVICE_FAMILY = "1,2";
			};
			name = Debug;
		};
		0973EA8029372BE500B96163 /* Release */ = {
			isa = XCBuildConfiguration;
			baseConfigurationReference = 0973EA8B29372C6700B96163 /* CenterAPI.Release.xcconfig */;
			buildSettings = {
				CLANG_ENABLE_MODULES = YES;
				CODE_SIGN_STYLE = Automatic;
				LD_RUNPATH_SEARCH_PATHS = (
					"$(inherited)",
					"@executable_path/Frameworks",
					"@loader_path/Frameworks",
				);
				OTHER_LDFLAGS = "-ObjC";
				PRODUCT_NAME = "$(TARGET_NAME)";
				SKIP_INSTALL = YES;
				SWIFT_VERSION = 5.0;
				TARGETED_DEVICE_FAMILY = "1,2";
			};
			name = Release;
		};
/* End XCBuildConfiguration section */

/* Begin XCConfigurationList section */
		0973EA7229372BE500B96163 /* Build configuration list for PBXProject "CenterAPI" */ = {
			isa = XCConfigurationList;
			buildConfigurations = (
				0973EA7C29372BE500B96163 /* Debug */,
				0973EA7D29372BE500B96163 /* Release */,
			);
			defaultConfigurationIsVisible = 0;
			defaultConfigurationName = Release;
		};
		0973EA7E29372BE500B96163 /* Build configuration list for PBXNativeTarget "CenterAPI" */ = {
			isa = XCConfigurationList;
			buildConfigurations = (
				0973EA7F29372BE500B96163 /* Debug */,
				0973EA8029372BE500B96163 /* Release */,
			);
			defaultConfigurationIsVisible = 0;
			defaultConfigurationName = Release;
		};
/* End XCConfigurationList section */
	};
	rootObject = 0973EA6F29372BE500B96163 /* Project object */;
}
