// !$*UTF8*$!
{
	archiveVersion = 1;
	classes = {
	};
	objectVersion = 56;
	objects = {

/* Begin PBXBuildFile section */
		09416C9A293484FB00A05A89 /* AppDelegate.swift in Sources */ = {isa = PBXBuildFile; fileRef = 09416C99293484FB00A05A89 /* AppDelegate.swift */; };
		09416C9C293484FB00A05A89 /* SceneDelegate.swift in Sources */ = {isa = PBXBuildFile; fileRef = 09416C9B293484FB00A05A89 /* SceneDelegate.swift */; };
		09416C9E293484FB00A05A89 /* ViewController.swift in Sources */ = {isa = PBXBuildFile; fileRef = 09416C9D293484FB00A05A89 /* ViewController.swift */; };
		09416CA1293484FB00A05A89 /* Main.storyboard in Resources */ = {isa = PBXBuildFile; fileRef = 09416C9F293484FB00A05A89 /* Main.storyboard */; };
		09416CA3293484FC00A05A89 /* Assets.xcassets in Resources */ = {isa = PBXBuildFile; fileRef = 09416CA2293484FC00A05A89 /* Assets.xcassets */; };
		09416CA6293484FC00A05A89 /* LaunchScreen.storyboard in Resources */ = {isa = PBXBuildFile; fileRef = 09416CA4293484FC00A05A89 /* LaunchScreen.storyboard */; };
		0973EA5429372B8400B96163 /* Center.framework in Frameworks */ = {isa = PBXBuildFile; fileRef = 0973EA122937287200B96163 /* Center.framework */; };
		0973EA5529372B8400B96163 /* Center.framework in Embed Frameworks */ = {isa = PBXBuildFile; fileRef = 0973EA122937287200B96163 /* Center.framework */; settings = {ATTRIBUTES = (CodeSignOnCopy, RemoveHeadersOnCopy, ); }; };
		0973EA5629372B8400B96163 /* Service.framework in Frameworks */ = {isa = PBXBuildFile; fileRef = 0973EA3529372A2D00B96163 /* Service.framework */; };
		0973EA5729372B8400B96163 /* Service.framework in Embed Frameworks */ = {isa = PBXBuildFile; fileRef = 0973EA3529372A2D00B96163 /* Service.framework */; settings = {ATTRIBUTES = (CodeSignOnCopy, RemoveHeadersOnCopy, ); }; };
		0973EB332938755300B96163 /* App.framework in Frameworks */ = {isa = PBXBuildFile; fileRef = 0973EAF3293873E800B96163 /* App.framework */; };
		0973EB342938755300B96163 /* App.framework in Embed Frameworks */ = {isa = PBXBuildFile; fileRef = 0973EAF3293873E800B96163 /* App.framework */; settings = {ATTRIBUTES = (CodeSignOnCopy, RemoveHeadersOnCopy, ); }; };
		0973EB352938755300B96163 /* UICore.framework in Frameworks */ = {isa = PBXBuildFile; fileRef = 0973EB0F293873F800B96163 /* UICore.framework */; };
		0973EB362938755300B96163 /* UICore.framework in Embed Frameworks */ = {isa = PBXBuildFile; fileRef = 0973EB0F293873F800B96163 /* UICore.framework */; settings = {ATTRIBUTES = (CodeSignOnCopy, RemoveHeadersOnCopy, ); }; };
/* End PBXBuildFile section */

/* Begin PBXContainerItemProxy section */
		0973EA112937287200B96163 /* PBXContainerItemProxy */ = {
			isa = PBXContainerItemProxy;
			containerPortal = 0973EA0D2937287200B96163 /* Center.xcodeproj */;
			proxyType = 2;
			remoteGlobalIDString = 0973EA032937287200B96163;
			remoteInfo = Center;
		};
		0973EA3429372A2D00B96163 /* PBXContainerItemProxy */ = {
			isa = PBXContainerItemProxy;
			containerPortal = 0973EA3029372A2D00B96163 /* Service.xcodeproj */;
			proxyType = 2;
			remoteGlobalIDString = 0973EA2629372A2D00B96163;
			remoteInfo = Service;
		};
		0973EAF2293873E800B96163 /* PBXContainerItemProxy */ = {
			isa = PBXContainerItemProxy;
			containerPortal = 0973EAEE293873E800B96163 /* App.xcodeproj */;
			proxyType = 2;
			remoteGlobalIDString = 0973EAE4293873E800B96163;
			remoteInfo = App;
		};
		0973EB0E293873F800B96163 /* PBXContainerItemProxy */ = {
			isa = PBXContainerItemProxy;
			containerPortal = 0973EB0A293873F700B96163 /* UICore.xcodeproj */;
			proxyType = 2;
			remoteGlobalIDString = 0973EB00293873F700B96163;
			remoteInfo = UICore;
		};
/* End PBXContainerItemProxy section */

/* Begin PBXCopyFilesBuildPhase section */
		0973EA5829372B8400B96163 /* Embed Frameworks */ = {
			isa = PBXCopyFilesBuildPhase;
			buildActionMask = 2147483647;
			dstPath = "";
			dstSubfolderSpec = 10;
			files = (
				0973EA5729372B8400B96163 /* Service.framework in Embed Frameworks */,
				0973EB342938755300B96163 /* App.framework in Embed Frameworks */,
				0973EA5529372B8400B96163 /* Center.framework in Embed Frameworks */,
				0973EB362938755300B96163 /* UICore.framework in Embed Frameworks */,
			);
			name = "Embed Frameworks";
			runOnlyForDeploymentPostprocessing = 0;
		};
/* End PBXCopyFilesBuildPhase section */

/* Begin PBXFileReference section */
		09416C96293484FB00A05A89 /* Cupid.app */ = {isa = PBXFileReference; explicitFileType = wrapper.application; includeInIndex = 0; path = Cupid.app; sourceTree = BUILT_PRODUCTS_DIR; };
		09416C99293484FB00A05A89 /* AppDelegate.swift */ = {isa = PBXFileReference; lastKnownFileType = sourcecode.swift; path = AppDelegate.swift; sourceTree = "<group>"; };
		09416C9B293484FB00A05A89 /* SceneDelegate.swift */ = {isa = PBXFileReference; lastKnownFileType = sourcecode.swift; path = SceneDelegate.swift; sourceTree = "<group>"; };
		09416C9D293484FB00A05A89 /* ViewController.swift */ = {isa = PBXFileReference; lastKnownFileType = sourcecode.swift; path = ViewController.swift; sourceTree = "<group>"; };
		09416CA0293484FB00A05A89 /* Base */ = {isa = PBXFileReference; lastKnownFileType = file.storyboard; name = Base; path = Base.lproj/Main.storyboard; sourceTree = "<group>"; };
		09416CA2293484FC00A05A89 /* Assets.xcassets */ = {isa = PBXFileReference; lastKnownFileType = folder.assetcatalog; path = Assets.xcassets; sourceTree = "<group>"; };
		09416CA5293484FC00A05A89 /* Base */ = {isa = PBXFileReference; lastKnownFileType = file.storyboard; name = Base; path = Base.lproj/LaunchScreen.storyboard; sourceTree = "<group>"; };
		09416CA7293484FC00A05A89 /* Info.plist */ = {isa = PBXFileReference; lastKnownFileType = text.plist.xml; path = Info.plist; sourceTree = "<group>"; };
		0973EA0D2937287200B96163 /* Center.xcodeproj */ = {isa = PBXFileReference; lastKnownFileType = "wrapper.pb-project"; name = Center.xcodeproj; path = Center/Center.xcodeproj; sourceTree = "<group>"; };
		0973EA3029372A2D00B96163 /* Service.xcodeproj */ = {isa = PBXFileReference; lastKnownFileType = "wrapper.pb-project"; name = Service.xcodeproj; path = Service/Service.xcodeproj; sourceTree = "<group>"; };
		0973EAEE293873E800B96163 /* App.xcodeproj */ = {isa = PBXFileReference; lastKnownFileType = "wrapper.pb-project"; name = App.xcodeproj; path = App/App.xcodeproj; sourceTree = "<group>"; };
		0973EB0A293873F700B96163 /* UICore.xcodeproj */ = {isa = PBXFileReference; lastKnownFileType = "wrapper.pb-project"; name = UICore.xcodeproj; path = UICore/UICore.xcodeproj; sourceTree = "<group>"; };
/* End PBXFileReference section */

/* Begin PBXFrameworksBuildPhase section */
		09416C93293484FB00A05A89 /* Frameworks */ = {
			isa = PBXFrameworksBuildPhase;
			buildActionMask = 2147483647;
			files = (
				0973EA5629372B8400B96163 /* Service.framework in Frameworks */,
				0973EB332938755300B96163 /* App.framework in Frameworks */,
				0973EA5429372B8400B96163 /* Center.framework in Frameworks */,
				0973EB352938755300B96163 /* UICore.framework in Frameworks */,
			);
			runOnlyForDeploymentPostprocessing = 0;
		};
/* End PBXFrameworksBuildPhase section */

/* Begin PBXGroup section */
		09416C8D293484FB00A05A89 = {
			isa = PBXGroup;
			children = (
				09416CAD2934850D00A05A89 /* Sources */,
				0973E9F82937282C00B96163 /* Modules */,
				09416CAE2934851500A05A89 /* Resources */,
				09416C97293484FB00A05A89 /* Products */,
				0981A10B2935AA7700D5242E /* Frameworks */,
			);
			sourceTree = "<group>";
		};
		09416C97293484FB00A05A89 /* Products */ = {
			isa = PBXGroup;
			children = (
				09416C96293484FB00A05A89 /* Cupid.app */,
			);
			name = Products;
			sourceTree = "<group>";
		};
		09416CAD2934850D00A05A89 /* Sources */ = {
			isa = PBXGroup;
			children = (
				09416C99293484FB00A05A89 /* AppDelegate.swift */,
				09416C9B293484FB00A05A89 /* SceneDelegate.swift */,
				09416C9D293484FB00A05A89 /* ViewController.swift */,
			);
			path = Sources;
			sourceTree = "<group>";
		};
		09416CAE2934851500A05A89 /* Resources */ = {
			isa = PBXGroup;
			children = (
				09416C9F293484FB00A05A89 /* Main.storyboard */,
				09416CA2293484FC00A05A89 /* Assets.xcassets */,
				09416CA4293484FC00A05A89 /* LaunchScreen.storyboard */,
				09416CA7293484FC00A05A89 /* Info.plist */,
			);
			path = Resources;
			sourceTree = "<group>";
		};
		0973E9F82937282C00B96163 /* Modules */ = {
			isa = PBXGroup;
			children = (
				0973EAEE293873E800B96163 /* App.xcodeproj */,
				0973EB0A293873F700B96163 /* UICore.xcodeproj */,
				0973EA0D2937287200B96163 /* Center.xcodeproj */,
				0973EA3029372A2D00B96163 /* Service.xcodeproj */,
			);
			path = Modules;
			sourceTree = "<group>";
		};
		0973EA0E2937287200B96163 /* Products */ = {
			isa = PBXGroup;
			children = (
				0973EA122937287200B96163 /* Center.framework */,
			);
			name = Products;
			sourceTree = "<group>";
		};
		0973EA3129372A2D00B96163 /* Products */ = {
			isa = PBXGroup;
			children = (
				0973EA3529372A2D00B96163 /* Service.framework */,
			);
			name = Products;
			sourceTree = "<group>";
		};
		0973EAEF293873E800B96163 /* Products */ = {
			isa = PBXGroup;
			children = (
				0973EAF3293873E800B96163 /* App.framework */,
			);
			name = Products;
			sourceTree = "<group>";
		};
		0973EB0B293873F700B96163 /* Products */ = {
			isa = PBXGroup;
			children = (
				0973EB0F293873F800B96163 /* UICore.framework */,
			);
			name = Products;
			sourceTree = "<group>";
		};
		0981A10B2935AA7700D5242E /* Frameworks */ = {
			isa = PBXGroup;
			children = (
			);
			name = Frameworks;
			sourceTree = "<group>";
		};
/* End PBXGroup section */

/* Begin PBXNativeTarget section */
		09416C95293484FB00A05A89 /* Cupid */ = {
			isa = PBXNativeTarget;
			buildConfigurationList = 09416CAA293484FC00A05A89 /* Build configuration list for PBXNativeTarget "Cupid" */;
			buildPhases = (
				09416C92293484FB00A05A89 /* Sources */,
				09416C93293484FB00A05A89 /* Frameworks */,
				09416C94293484FB00A05A89 /* Resources */,
				0973EA5829372B8400B96163 /* Embed Frameworks */,
			);
			buildRules = (
			);
			dependencies = (
			);
			name = Cupid;
			packageProductDependencies = (
			);
			productName = Cupid;
			productReference = 09416C96293484FB00A05A89 /* Cupid.app */;
			productType = "com.apple.product-type.application";
		};
/* End PBXNativeTarget section */

/* Begin PBXProject section */
		09416C8E293484FB00A05A89 /* Project object */ = {
			isa = PBXProject;
			attributes = {
				BuildIndependentTargetsInParallel = 1;
				LastSwiftUpdateCheck = 1410;
				LastUpgradeCheck = 1410;
				TargetAttributes = {
					09416C95293484FB00A05A89 = {
						CreatedOnToolsVersion = 14.1;
					};
				};
			};
			buildConfigurationList = 09416C91293484FB00A05A89 /* Build configuration list for PBXProject "Cupid" */;
			compatibilityVersion = "Xcode 14.0";
			developmentRegion = en;
			hasScannedForEncodings = 0;
			knownRegions = (
				en,
				Base,
			);
			mainGroup = 09416C8D293484FB00A05A89;
			productRefGroup = 09416C97293484FB00A05A89 /* Products */;
			projectDirPath = "";
			projectReferences = (
				{
					ProductGroup = 0973EAEF293873E800B96163 /* Products */;
					ProjectRef = 0973EAEE293873E800B96163 /* App.xcodeproj */;
				},
				{
					ProductGroup = 0973EA0E2937287200B96163 /* Products */;
					ProjectRef = 0973EA0D2937287200B96163 /* Center.xcodeproj */;
				},
				{
					ProductGroup = 0973EA3129372A2D00B96163 /* Products */;
					ProjectRef = 0973EA3029372A2D00B96163 /* Service.xcodeproj */;
				},
				{
					ProductGroup = 0973EB0B293873F700B96163 /* Products */;
					ProjectRef = 0973EB0A293873F700B96163 /* UICore.xcodeproj */;
				},
			);
			projectRoot = "";
			targets = (
				09416C95293484FB00A05A89 /* Cupid */,
			);
		};
/* End PBXProject section */

/* Begin PBXReferenceProxy section */
		0973EA122937287200B96163 /* Center.framework */ = {
			isa = PBXReferenceProxy;
			fileType = wrapper.framework;
			path = Center.framework;
			remoteRef = 0973EA112937287200B96163 /* PBXContainerItemProxy */;
			sourceTree = BUILT_PRODUCTS_DIR;
		};
		0973EA3529372A2D00B96163 /* Service.framework */ = {
			isa = PBXReferenceProxy;
			fileType = wrapper.framework;
			path = Service.framework;
			remoteRef = 0973EA3429372A2D00B96163 /* PBXContainerItemProxy */;
			sourceTree = BUILT_PRODUCTS_DIR;
		};
		0973EAF3293873E800B96163 /* App.framework */ = {
			isa = PBXReferenceProxy;
			fileType = wrapper.framework;
			path = App.framework;
			remoteRef = 0973EAF2293873E800B96163 /* PBXContainerItemProxy */;
			sourceTree = BUILT_PRODUCTS_DIR;
		};
		0973EB0F293873F800B96163 /* UICore.framework */ = {
			isa = PBXReferenceProxy;
			fileType = wrapper.framework;
			path = UICore.framework;
			remoteRef = 0973EB0E293873F800B96163 /* PBXContainerItemProxy */;
			sourceTree = BUILT_PRODUCTS_DIR;
		};
/* End PBXReferenceProxy section */

/* Begin PBXResourcesBuildPhase section */
		09416C94293484FB00A05A89 /* Resources */ = {
			isa = PBXResourcesBuildPhase;
			buildActionMask = 2147483647;
			files = (
				09416CA6293484FC00A05A89 /* LaunchScreen.storyboard in Resources */,
				09416CA3293484FC00A05A89 /* Assets.xcassets in Resources */,
				09416CA1293484FB00A05A89 /* Main.storyboard in Resources */,
			);
			runOnlyForDeploymentPostprocessing = 0;
		};
/* End PBXResourcesBuildPhase section */

/* Begin PBXSourcesBuildPhase section */
		09416C92293484FB00A05A89 /* Sources */ = {
			isa = PBXSourcesBuildPhase;
			buildActionMask = 2147483647;
			files = (
				09416C9E293484FB00A05A89 /* ViewController.swift in Sources */,
				09416C9A293484FB00A05A89 /* AppDelegate.swift in Sources */,
				09416C9C293484FB00A05A89 /* SceneDelegate.swift in Sources */,
			);
			runOnlyForDeploymentPostprocessing = 0;
		};
/* End PBXSourcesBuildPhase section */

/* Begin PBXVariantGroup section */
		09416C9F293484FB00A05A89 /* Main.storyboard */ = {
			isa = PBXVariantGroup;
			children = (
				09416CA0293484FB00A05A89 /* Base */,
			);
			name = Main.storyboard;
			sourceTree = "<group>";
		};
		09416CA4293484FC00A05A89 /* LaunchScreen.storyboard */ = {
			isa = PBXVariantGroup;
			children = (
				09416CA5293484FC00A05A89 /* Base */,
			);
			name = LaunchScreen.storyboard;
			sourceTree = "<group>";
		};
/* End PBXVariantGroup section */

/* Begin XCBuildConfiguration section */
		09416CA8293484FC00A05A89 /* Debug */ = {
			isa = XCBuildConfiguration;
			buildSettings = {
				ALWAYS_SEARCH_USER_PATHS = NO;
				CLANG_ANALYZER_NONNULL = YES;
				CLANG_ANALYZER_NUMBER_OBJECT_CONVERSION = YES_AGGRESSIVE;
				CLANG_CXX_LANGUAGE_STANDARD = "gnu++20";
				CLANG_ENABLE_MODULES = YES;
				CLANG_ENABLE_OBJC_ARC = YES;
				CLANG_ENABLE_OBJC_WEAK = YES;
				CLANG_WARN_BLOCK_CAPTURE_AUTORELEASING = YES;
				CLANG_WARN_BOOL_CONVERSION = YES;
				CLANG_WARN_COMMA = YES;
				CLANG_WARN_CONSTANT_CONVERSION = YES;
				CLANG_WARN_DEPRECATED_OBJC_IMPLEMENTATIONS = YES;
				CLANG_WARN_DIRECT_OBJC_ISA_USAGE = YES_ERROR;
				CLANG_WARN_DOCUMENTATION_COMMENTS = YES;
				CLANG_WARN_EMPTY_BODY = YES;
				CLANG_WARN_ENUM_CONVERSION = YES;
				CLANG_WARN_INFINITE_RECURSION = YES;
				CLANG_WARN_INT_CONVERSION = YES;
				CLANG_WARN_NON_LITERAL_NULL_CONVERSION = YES;
				CLANG_WARN_OBJC_IMPLICIT_RETAIN_SELF = YES;
				CLANG_WARN_OBJC_LITERAL_CONVERSION = YES;
				CLANG_WARN_OBJC_ROOT_CLASS = YES_ERROR;
				CLANG_WARN_QUOTED_INCLUDE_IN_FRAMEWORK_HEADER = YES;
				CLANG_WARN_RANGE_LOOP_ANALYSIS = YES;
				CLANG_WARN_STRICT_PROTOTYPES = YES;
				CLANG_WARN_SUSPICIOUS_MOVE = YES;
				CLANG_WARN_UNGUARDED_AVAILABILITY = YES_AGGRESSIVE;
				CLANG_WARN_UNREACHABLE_CODE = YES;
				CLANG_WARN__DUPLICATE_METHOD_MATCH = YES;
				COPY_PHASE_STRIP = NO;
				DEBUG_INFORMATION_FORMAT = dwarf;
				ENABLE_STRICT_OBJC_MSGSEND = YES;
				ENABLE_TESTABILITY = YES;
				GCC_C_LANGUAGE_STANDARD = gnu11;
				GCC_DYNAMIC_NO_PIC = NO;
				GCC_NO_COMMON_BLOCKS = YES;
				GCC_OPTIMIZATION_LEVEL = 0;
				GCC_PREPROCESSOR_DEFINITIONS = (
					"DEBUG=1",
					"$(inherited)",
				);
				GCC_WARN_64_TO_32_BIT_CONVERSION = YES;
				GCC_WARN_ABOUT_RETURN_TYPE = YES_ERROR;
				GCC_WARN_UNDECLARED_SELECTOR = YES;
				GCC_WARN_UNINITIALIZED_AUTOS = YES_AGGRESSIVE;
				GCC_WARN_UNUSED_FUNCTION = YES;
				GCC_WARN_UNUSED_VARIABLE = YES;
				IPHONEOS_DEPLOYMENT_TARGET = 16.1;
				MTL_ENABLE_DEBUG_INFO = INCLUDE_SOURCE;
				MTL_FAST_MATH = YES;
				ONLY_ACTIVE_ARCH = YES;
				SDKROOT = iphoneos;
				SWIFT_ACTIVE_COMPILATION_CONDITIONS = DEBUG;
				SWIFT_OPTIMIZATION_LEVEL = "-Onone";
			};
			name = Debug;
		};
		09416CA9293484FC00A05A89 /* Release */ = {
			isa = XCBuildConfiguration;
			buildSettings = {
				ALWAYS_SEARCH_USER_PATHS = NO;
				CLANG_ANALYZER_NONNULL = YES;
				CLANG_ANALYZER_NUMBER_OBJECT_CONVERSION = YES_AGGRESSIVE;
				CLANG_CXX_LANGUAGE_STANDARD = "gnu++20";
				CLANG_ENABLE_MODULES = YES;
				CLANG_ENABLE_OBJC_ARC = YES;
				CLANG_ENABLE_OBJC_WEAK = YES;
				CLANG_WARN_BLOCK_CAPTURE_AUTORELEASING = YES;
				CLANG_WARN_BOOL_CONVERSION = YES;
				CLANG_WARN_COMMA = YES;
				CLANG_WARN_CONSTANT_CONVERSION = YES;
				CLANG_WARN_DEPRECATED_OBJC_IMPLEMENTATIONS = YES;
				CLANG_WARN_DIRECT_OBJC_ISA_USAGE = YES_ERROR;
				CLANG_WARN_DOCUMENTATION_COMMENTS = YES;
				CLANG_WARN_EMPTY_BODY = YES;
				CLANG_WARN_ENUM_CONVERSION = YES;
				CLANG_WARN_INFINITE_RECURSION = YES;
				CLANG_WARN_INT_CONVERSION = YES;
				CLANG_WARN_NON_LITERAL_NULL_CONVERSION = YES;
				CLANG_WARN_OBJC_IMPLICIT_RETAIN_SELF = YES;
				CLANG_WARN_OBJC_LITERAL_CONVERSION = YES;
				CLANG_WARN_OBJC_ROOT_CLASS = YES_ERROR;
				CLANG_WARN_QUOTED_INCLUDE_IN_FRAMEWORK_HEADER = YES;
				CLANG_WARN_RANGE_LOOP_ANALYSIS = YES;
				CLANG_WARN_STRICT_PROTOTYPES = YES;
				CLANG_WARN_SUSPICIOUS_MOVE = YES;
				CLANG_WARN_UNGUARDED_AVAILABILITY = YES_AGGRESSIVE;
				CLANG_WARN_UNREACHABLE_CODE = YES;
				CLANG_WARN__DUPLICATE_METHOD_MATCH = YES;
				COPY_PHASE_STRIP = NO;
				DEBUG_INFORMATION_FORMAT = "dwarf-with-dsym";
				ENABLE_NS_ASSERTIONS = NO;
				ENABLE_STRICT_OBJC_MSGSEND = YES;
				GCC_C_LANGUAGE_STANDARD = gnu11;
				GCC_NO_COMMON_BLOCKS = YES;
				GCC_WARN_64_TO_32_BIT_CONVERSION = YES;
				GCC_WARN_ABOUT_RETURN_TYPE = YES_ERROR;
				GCC_WARN_UNDECLARED_SELECTOR = YES;
				GCC_WARN_UNINITIALIZED_AUTOS = YES_AGGRESSIVE;
				GCC_WARN_UNUSED_FUNCTION = YES;
				GCC_WARN_UNUSED_VARIABLE = YES;
				IPHONEOS_DEPLOYMENT_TARGET = 16.1;
				MTL_ENABLE_DEBUG_INFO = NO;
				MTL_FAST_MATH = YES;
				SDKROOT = iphoneos;
				SWIFT_COMPILATION_MODE = wholemodule;
				SWIFT_OPTIMIZATION_LEVEL = "-O";
				VALIDATE_PRODUCT = YES;
			};
			name = Release;
		};
		09416CAB293484FC00A05A89 /* Debug */ = {
			isa = XCBuildConfiguration;
			buildSettings = {
				ASSETCATALOG_COMPILER_APPICON_NAME = AppIcon;
				ASSETCATALOG_COMPILER_GLOBAL_ACCENT_COLOR_NAME = AccentColor;
				CODE_SIGN_STYLE = Manual;
				CURRENT_PROJECT_VERSION = 1;
				DEVELOPMENT_TEAM = "";
				GENERATE_INFOPLIST_FILE = YES;
				INFOPLIST_FILE = Resources/Info.plist;
				INFOPLIST_KEY_UIApplicationSupportsIndirectInputEvents = YES;
				INFOPLIST_KEY_UILaunchStoryboardName = LaunchScreen;
				INFOPLIST_KEY_UIMainStoryboardFile = Main;
				INFOPLIST_KEY_UISupportedInterfaceOrientations_iPad = "UIInterfaceOrientationPortrait UIInterfaceOrientationPortraitUpsideDown UIInterfaceOrientationLandscapeLeft UIInterfaceOrientationLandscapeRight";
				INFOPLIST_KEY_UISupportedInterfaceOrientations_iPhone = "UIInterfaceOrientationPortrait UIInterfaceOrientationLandscapeLeft UIInterfaceOrientationLandscapeRight";
				IPHONEOS_DEPLOYMENT_TARGET = 13.0;
				LD_RUNPATH_SEARCH_PATHS = (
					"$(inherited)",
					"@executable_path/Frameworks",
				);
				MARKETING_VERSION = 1.0;
				PRODUCT_BUNDLE_IDENTIFIER = com.jcc.cupid;
				PRODUCT_NAME = "$(TARGET_NAME)";
				PROVISIONING_PROFILE_SPECIFIER = "";
				SWIFT_EMIT_LOC_STRINGS = YES;
				SWIFT_VERSION = 5.0;
				TARGETED_DEVICE_FAMILY = "1,2";
			};
			name = Debug;
		};
		09416CAC293484FC00A05A89 /* Release */ = {
			isa = XCBuildConfiguration;
			buildSettings = {
				ASSETCATALOG_COMPILER_APPICON_NAME = AppIcon;
				ASSETCATALOG_COMPILER_GLOBAL_ACCENT_COLOR_NAME = AccentColor;
				CODE_SIGN_STYLE = Manual;
				CURRENT_PROJECT_VERSION = 1;
				DEVELOPMENT_TEAM = "";
				GENERATE_INFOPLIST_FILE = YES;
				INFOPLIST_FILE = Resources/Info.plist;
				INFOPLIST_KEY_UIApplicationSupportsIndirectInputEvents = YES;
				INFOPLIST_KEY_UILaunchStoryboardName = LaunchScreen;
				INFOPLIST_KEY_UIMainStoryboardFile = Main;
				INFOPLIST_KEY_UISupportedInterfaceOrientations_iPad = "UIInterfaceOrientationPortrait UIInterfaceOrientationPortraitUpsideDown UIInterfaceOrientationLandscapeLeft UIInterfaceOrientationLandscapeRight";
				INFOPLIST_KEY_UISupportedInterfaceOrientations_iPhone = "UIInterfaceOrientationPortrait UIInterfaceOrientationLandscapeLeft UIInterfaceOrientationLandscapeRight";
				IPHONEOS_DEPLOYMENT_TARGET = 13.0;
				LD_RUNPATH_SEARCH_PATHS = (
					"$(inherited)",
					"@executable_path/Frameworks",
				);
				MARKETING_VERSION = 1.0;
				PRODUCT_BUNDLE_IDENTIFIER = com.jcc.cupid;
				PRODUCT_NAME = "$(TARGET_NAME)";
				PROVISIONING_PROFILE_SPECIFIER = "";
				SWIFT_EMIT_LOC_STRINGS = YES;
				SWIFT_VERSION = 5.0;
				TARGETED_DEVICE_FAMILY = "1,2";
			};
			name = Release;
		};
/* End XCBuildConfiguration section */

/* Begin XCConfigurationList section */
		09416C91293484FB00A05A89 /* Build configuration list for PBXProject "Cupid" */ = {
			isa = XCConfigurationList;
			buildConfigurations = (
				09416CA8293484FC00A05A89 /* Debug */,
				09416CA9293484FC00A05A89 /* Release */,
			);
			defaultConfigurationIsVisible = 0;
			defaultConfigurationName = Release;
		};
		09416CAA293484FC00A05A89 /* Build configuration list for PBXNativeTarget "Cupid" */ = {
			isa = XCConfigurationList;
			buildConfigurations = (
				09416CAB293484FC00A05A89 /* Debug */,
				09416CAC293484FC00A05A89 /* Release */,
			);
			defaultConfigurationIsVisible = 0;
			defaultConfigurationName = Release;
		};
/* End XCConfigurationList section */
	};
	rootObject = 09416C8E293484FB00A05A89 /* Project object */;
}
